// !$*UTF8*$!
{
	archiveVersion = 1;
	classes = {
	};
	objectVersion = 48;
	objects = {

/* Begin PBXBuildFile section */
		77D77654102AD51DCD9CA75B /* Pods_TLSurveyLottie.framework in Frameworks */ = {isa = PBXBuildFile; fileRef = 644907A6799B797BB6788B1B /* Pods_TLSurveyLottie.framework */; };
		7E5438DB1FA9622700AF27FD /* Edit.json in Resources */ = {isa = PBXBuildFile; fileRef = 7E5438851FA9622600AF27FD /* Edit.json */; };
		7E5438DC1FA9622700AF27FD /* EmptyStatus.json in Resources */ = {isa = PBXBuildFile; fileRef = 7E5438861FA9622600AF27FD /* EmptyStatus.json */; };
		7E5438DD1FA9622700AF27FD /* HappyBirthday.json in Resources */ = {isa = PBXBuildFile; fileRef = 7E5438871FA9622600AF27FD /* HappyBirthday.json */; };
		7E5438DE1FA9622700AF27FD /* Loading.json in Resources */ = {isa = PBXBuildFile; fileRef = 7E5438881FA9622600AF27FD /* Loading.json */; };
		7E5438DF1FA9622700AF27FD /* LottieLogo.json in Resources */ = {isa = PBXBuildFile; fileRef = 7E5438891FA9622600AF27FD /* LottieLogo.json */; };
		7E5438E01FA9622700AF27FD /* Play-Pause.json in Resources */ = {isa = PBXBuildFile; fileRef = 7E54388A1FA9622600AF27FD /* Play-Pause.json */; };
		7E5438E11FA9622700AF27FD /* RectComp.json in Resources */ = {isa = PBXBuildFile; fileRef = 7E54388B1FA9622600AF27FD /* RectComp.json */; };
		7E5438E21FA9622700AF27FD /* RefreshFooterAnim.json in Resources */ = {isa = PBXBuildFile; fileRef = 7E54388C1FA9622600AF27FD /* RefreshFooterAnim.json */; };
		7E5438E31FA9622700AF27FD /* RefreshHeaderAnim.json in Resources */ = {isa = PBXBuildFile; fileRef = 7E54388D1FA9622600AF27FD /* RefreshHeaderAnim.json */; };
		7E5438E51FA9622700AF27FD /* vcTransition1.json in Resources */ = {isa = PBXBuildFile; fileRef = 7E54388F1FA9622600AF27FD /* vcTransition1.json */; };
		7E5438E61FA9622700AF27FD /* vcTransition2.json in Resources */ = {isa = PBXBuildFile; fileRef = 7E5438901FA9622600AF27FD /* vcTransition2.json */; };
		7E5438E71FA9622700AF27FD /* 9squares-AlBoardman.json in Resources */ = {isa = PBXBuildFile; fileRef = 7E5438921FA9622600AF27FD /* 9squares-AlBoardman.json */; };
		7E5438E81FA9622700AF27FD /* HamburgerArrow.json in Resources */ = {isa = PBXBuildFile; fileRef = 7E5438931FA9622600AF27FD /* HamburgerArrow.json */; };
		7E5438E91FA9622700AF27FD /* IconTransitions.json in Resources */ = {isa = PBXBuildFile; fileRef = 7E5438941FA9622600AF27FD /* IconTransitions.json */; };
		7E5438EA1FA9622700AF27FD /* LottieLogo1.json in Resources */ = {isa = PBXBuildFile; fileRef = 7E5438951FA9622600AF27FD /* LottieLogo1.json */; };
		7E5438EB1FA9622700AF27FD /* LottieLogo1_masked.json in Resources */ = {isa = PBXBuildFile; fileRef = 7E5438961FA9622600AF27FD /* LottieLogo1_masked.json */; };
		7E5438EC1FA9622700AF27FD /* LottieLogo2.json in Resources */ = {isa = PBXBuildFile; fileRef = 7E5438971FA9622600AF27FD /* LottieLogo2.json */; };
		7E5438ED1FA9622700AF27FD /* MotionCorpse-Jrcanest.json in Resources */ = {isa = PBXBuildFile; fileRef = 7E5438981FA9622600AF27FD /* MotionCorpse-Jrcanest.json */; };
		7E5438EE1FA9622700AF27FD /* PinJump.json in Resources */ = {isa = PBXBuildFile; fileRef = 7E5438991FA9622600AF27FD /* PinJump.json */; };
		7E5438EF1FA9622700AF27FD /* Switch.json in Resources */ = {isa = PBXBuildFile; fileRef = 7E54389A1FA9622600AF27FD /* Switch.json */; };
		7E5438F01FA9622700AF27FD /* Switch_States.json in Resources */ = {isa = PBXBuildFile; fileRef = 7E54389B1FA9622600AF27FD /* Switch_States.json */; };
		7E5438F11FA9622700AF27FD /* TwitterHeart.json in Resources */ = {isa = PBXBuildFile; fileRef = 7E54389C1FA9622700AF27FD /* TwitterHeart.json */; };
		7E5438F21FA9622700AF27FD /* vcTransition1.json in Resources */ = {isa = PBXBuildFile; fileRef = 7E54389D1FA9622700AF27FD /* vcTransition1.json */; };
		7E5438F31FA9622700AF27FD /* vcTransition2.json in Resources */ = {isa = PBXBuildFile; fileRef = 7E54389E1FA9622700AF27FD /* vcTransition2.json */; };
		7E5438F41FA9622700AF27FD /* Watermelon.json in Resources */ = {isa = PBXBuildFile; fileRef = 7E54389F1FA9622700AF27FD /* Watermelon.json */; };
		7E5438F51FA9622700AF27FD /* A.json in Resources */ = {isa = PBXBuildFile; fileRef = 7E5438A11FA9622700AF27FD /* A.json */; };
		7E5438F61FA9622700AF27FD /* Apostrophe.json in Resources */ = {isa = PBXBuildFile; fileRef = 7E5438A21FA9622700AF27FD /* Apostrophe.json */; };
		7E5438F71FA9622700AF27FD /* B.json in Resources */ = {isa = PBXBuildFile; fileRef = 7E5438A31FA9622700AF27FD /* B.json */; };
		7E5438F81FA9622700AF27FD /* BlinkingCursor.json in Resources */ = {isa = PBXBuildFile; fileRef = 7E5438A41FA9622700AF27FD /* BlinkingCursor.json */; };
		7E5438F91FA9622700AF27FD /* C.json in Resources */ = {isa = PBXBuildFile; fileRef = 7E5438A51FA9622700AF27FD /* C.json */; };
		7E5438FA1FA9622700AF27FD /* Colon.json in Resources */ = {isa = PBXBuildFile; fileRef = 7E5438A61FA9622700AF27FD /* Colon.json */; };
		7E5438FB1FA9622700AF27FD /* Comma.json in Resources */ = {isa = PBXBuildFile; fileRef = 7E5438A71FA9622700AF27FD /* Comma.json */; };
		7E5438FC1FA9622700AF27FD /* D.json in Resources */ = {isa = PBXBuildFile; fileRef = 7E5438A81FA9622700AF27FD /* D.json */; };
		7E5438FD1FA9622700AF27FD /* E.json in Resources */ = {isa = PBXBuildFile; fileRef = 7E5438A91FA9622700AF27FD /* E.json */; };
		7E5438FE1FA9622700AF27FD /* F.json in Resources */ = {isa = PBXBuildFile; fileRef = 7E5438AA1FA9622700AF27FD /* F.json */; };
		7E5438FF1FA9622700AF27FD /* G.json in Resources */ = {isa = PBXBuildFile; fileRef = 7E5438AB1FA9622700AF27FD /* G.json */; };
		7E5439001FA9622700AF27FD /* H.json in Resources */ = {isa = PBXBuildFile; fileRef = 7E5438AC1FA9622700AF27FD /* H.json */; };
		7E5439011FA9622700AF27FD /* I.json in Resources */ = {isa = PBXBuildFile; fileRef = 7E5438AD1FA9622700AF27FD /* I.json */; };
		7E5439021FA9622700AF27FD /* J.json in Resources */ = {isa = PBXBuildFile; fileRef = 7E5438AE1FA9622700AF27FD /* J.json */; };
		7E5439031FA9622700AF27FD /* K.json in Resources */ = {isa = PBXBuildFile; fileRef = 7E5438AF1FA9622700AF27FD /* K.json */; };
		7E5439041FA9622700AF27FD /* L.json in Resources */ = {isa = PBXBuildFile; fileRef = 7E5438B01FA9622700AF27FD /* L.json */; };
		7E5439051FA9622700AF27FD /* M.json in Resources */ = {isa = PBXBuildFile; fileRef = 7E5438B11FA9622700AF27FD /* M.json */; };
		7E5439061FA9622700AF27FD /* N.json in Resources */ = {isa = PBXBuildFile; fileRef = 7E5438B21FA9622700AF27FD /* N.json */; };
		7E5439071FA9622700AF27FD /* O.json in Resources */ = {isa = PBXBuildFile; fileRef = 7E5438B31FA9622700AF27FD /* O.json */; };
		7E5439081FA9622700AF27FD /* P.json in Resources */ = {isa = PBXBuildFile; fileRef = 7E5438B41FA9622700AF27FD /* P.json */; };
		7E5439091FA9622700AF27FD /* Q.json in Resources */ = {isa = PBXBuildFile; fileRef = 7E5438B51FA9622700AF27FD /* Q.json */; };
		7E54390A1FA9622700AF27FD /* R.json in Resources */ = {isa = PBXBuildFile; fileRef = 7E5438B61FA9622700AF27FD /* R.json */; };
		7E54390B1FA9622700AF27FD /* S.json in Resources */ = {isa = PBXBuildFile; fileRef = 7E5438B71FA9622700AF27FD /* S.json */; };
		7E54390C1FA9622700AF27FD /* T.json in Resources */ = {isa = PBXBuildFile; fileRef = 7E5438B81FA9622700AF27FD /* T.json */; };
		7E54390D1FA9622700AF27FD /* U.json in Resources */ = {isa = PBXBuildFile; fileRef = 7E5438B91FA9622700AF27FD /* U.json */; };
		7E54390E1FA9622700AF27FD /* V.json in Resources */ = {isa = PBXBuildFile; fileRef = 7E5438BA1FA9622700AF27FD /* V.json */; };
		7E54390F1FA9622700AF27FD /* W.json in Resources */ = {isa = PBXBuildFile; fileRef = 7E5438BB1FA9622700AF27FD /* W.json */; };
		7E5439101FA9622700AF27FD /* X.json in Resources */ = {isa = PBXBuildFile; fileRef = 7E5438BC1FA9622700AF27FD /* X.json */; };
		7E5439111FA9622700AF27FD /* Y.json in Resources */ = {isa = PBXBuildFile; fileRef = 7E5438BD1FA9622700AF27FD /* Y.json */; };
		7E5439121FA9622700AF27FD /* Z.json in Resources */ = {isa = PBXBuildFile; fileRef = 7E5438BE1FA9622700AF27FD /* Z.json */; };
		7E5439131FA9622700AF27FD /* GuidePage1img_0.png in Resources */ = {isa = PBXBuildFile; fileRef = 7E5438C21FA9622700AF27FD /* GuidePage1img_0.png */; };
		7E5439141FA9622700AF27FD /* GuidePage1img_1.png in Resources */ = {isa = PBXBuildFile; fileRef = 7E5438C31FA9622700AF27FD /* GuidePage1img_1.png */; };
		7E5439151FA9622700AF27FD /* GuidePage1img_2.png in Resources */ = {isa = PBXBuildFile; fileRef = 7E5438C41FA9622700AF27FD /* GuidePage1img_2.png */; };
		7E5439161FA9622700AF27FD /* GuidePage1img_3.png in Resources */ = {isa = PBXBuildFile; fileRef = 7E5438C51FA9622700AF27FD /* GuidePage1img_3.png */; };
		7E5439171FA9622700AF27FD /* GuidePage1.json in Resources */ = {isa = PBXBuildFile; fileRef = 7E5438C61FA9622700AF27FD /* GuidePage1.json */; };
		7E5439181FA9622700AF27FD /* GuidePage2img_0.png in Resources */ = {isa = PBXBuildFile; fileRef = 7E5438C91FA9622700AF27FD /* GuidePage2img_0.png */; };
		7E5439191FA9622700AF27FD /* GuidePage2img_1.png in Resources */ = {isa = PBXBuildFile; fileRef = 7E5438CA1FA9622700AF27FD /* GuidePage2img_1.png */; };
		7E54391A1FA9622700AF27FD /* GuidePage2.json in Resources */ = {isa = PBXBuildFile; fileRef = 7E5438CB1FA9622700AF27FD /* GuidePage2.json */; };
		7E54391B1FA9622700AF27FD /* GuidePage3img_0.png in Resources */ = {isa = PBXBuildFile; fileRef = 7E5438CE1FA9622700AF27FD /* GuidePage3img_0.png */; };
		7E54391C1FA9622700AF27FD /* GuidePage3img_1.png in Resources */ = {isa = PBXBuildFile; fileRef = 7E5438CF1FA9622700AF27FD /* GuidePage3img_1.png */; };
		7E54391D1FA9622700AF27FD /* GuidePage3img_2.png in Resources */ = {isa = PBXBuildFile; fileRef = 7E5438D01FA9622700AF27FD /* GuidePage3img_2.png */; };
		7E54391E1FA9622700AF27FD /* GuidePage3img_3.png in Resources */ = {isa = PBXBuildFile; fileRef = 7E5438D11FA9622700AF27FD /* GuidePage3img_3.png */; };
		7E54391F1FA9622700AF27FD /* GuidePage3img_4.png in Resources */ = {isa = PBXBuildFile; fileRef = 7E5438D21FA9622700AF27FD /* GuidePage3img_4.png */; };
		7E5439201FA9622700AF27FD /* GuidePage3.json in Resources */ = {isa = PBXBuildFile; fileRef = 7E5438D31FA9622700AF27FD /* GuidePage3.json */; };
		7E5439221FA9622700AF27FD /* img_0.png in Resources */ = {isa = PBXBuildFile; fileRef = 7E5438D71FA9622700AF27FD /* img_0.png */; };
		7E5439231FA9622700AF27FD /* img_1.png in Resources */ = {isa = PBXBuildFile; fileRef = 7E5438D81FA9622700AF27FD /* img_1.png */; };
		7E5439241FA9622700AF27FD /* img_2.png in Resources */ = {isa = PBXBuildFile; fileRef = 7E5438D91FA9622700AF27FD /* img_2.png */; };
		7E5439251FA9622700AF27FD /* img_3.png in Resources */ = {isa = PBXBuildFile; fileRef = 7E5438DA1FA9622700AF27FD /* img_3.png */; };
		7E5439271FA9639800AF27FD /* Launch.json in Resources */ = {isa = PBXBuildFile; fileRef = 7E5439261FA9639800AF27FD /* Launch.json */; };
		7E5439291FA963D100AF27FD /* SwitchControl.json in Resources */ = {isa = PBXBuildFile; fileRef = 7E5439281FA963D100AF27FD /* SwitchControl.json */; };
		7E54392F1FA96FB200AF27FD /* TLLoadingAnimationViewController.m in Sources */ = {isa = PBXBuildFile; fileRef = 7E54392E1FA96FB200AF27FD /* TLLoadingAnimationViewController.m */; };
		7E5439321FA970AB00AF27FD /* UIView+TLEmptyStatus.m in Sources */ = {isa = PBXBuildFile; fileRef = 7E5439311FA970AB00AF27FD /* UIView+TLEmptyStatus.m */; };
		7E87B3ED1FA2EDCF008C391C /* TLAppDelegate.m in Sources */ = {isa = PBXBuildFile; fileRef = 7E87B3EC1FA2EDCF008C391C /* TLAppDelegate.m */; };
		7E87B3F51FA2EDCF008C391C /* Assets.xcassets in Resources */ = {isa = PBXBuildFile; fileRef = 7E87B3F41FA2EDCF008C391C /* Assets.xcassets */; };
		7E87B3F81FA2EDCF008C391C /* LaunchScreen.storyboard in Resources */ = {isa = PBXBuildFile; fileRef = 7E87B3F61FA2EDCF008C391C /* LaunchScreen.storyboard */; };
		7E87B3FB1FA2EDCF008C391C /* main.m in Sources */ = {isa = PBXBuildFile; fileRef = 7E87B3FA1FA2EDCF008C391C /* main.m */; };
		7E87B4051FA2EDCF008C391C /* TLSurveyLottieTests.m in Sources */ = {isa = PBXBuildFile; fileRef = 7E87B4041FA2EDCF008C391C /* TLSurveyLottieTests.m */; };
		7E87B4101FA2EDD0008C391C /* TLSurveyLottieUITests.m in Sources */ = {isa = PBXBuildFile; fileRef = 7E87B40F1FA2EDD0008C391C /* TLSurveyLottieUITests.m */; };
		7ED76A871FA313AA000B8DEF /* TLAnimationExplorerViewController.m in Sources */ = {isa = PBXBuildFile; fileRef = 7ED76A861FA313AA000B8DEF /* TLAnimationExplorerViewController.m */; };
		7ED76A8A1FA314D7000B8DEF /* TLJSONExplorerViewController.m in Sources */ = {isa = PBXBuildFile; fileRef = 7ED76A891FA314D7000B8DEF /* TLJSONExplorerViewController.m */; };
		7ED76A8D1FA314E9000B8DEF /* TLQRScannerViewController.m in Sources */ = {isa = PBXBuildFile; fileRef = 7ED76A8C1FA314E9000B8DEF /* TLQRScannerViewController.m */; };
		7ED76AF31FA32632000B8DEF /* AVFoundation.framework in Frameworks */ = {isa = PBXBuildFile; fileRef = 7ED76AF21FA32628000B8DEF /* AVFoundation.framework */; };
		7ED76AF51FA32649000B8DEF /* CoreGraphics.framework in Frameworks */ = {isa = PBXBuildFile; fileRef = 7ED76AF41FA3263F000B8DEF /* CoreGraphics.framework */; };
		7ED76AFA1FA3287D000B8DEF /* TLAnimatedTextField.m in Sources */ = {isa = PBXBuildFile; fileRef = 7ED76AF71FA3287C000B8DEF /* TLAnimatedTextField.m */; };
		7ED76AFB1FA3287D000B8DEF /* TLAnimationKeyboardViewController.m in Sources */ = {isa = PBXBuildFile; fileRef = 7ED76AF91FA3287D000B8DEF /* TLAnimationKeyboardViewController.m */; };
		7ED76B021FA3321A000B8DEF /* TLAnimationTransitionViewController.m in Sources */ = {isa = PBXBuildFile; fileRef = 7ED76B011FA3321A000B8DEF /* TLAnimationTransitionViewController.m */; };
		7ED76B051FA33238000B8DEF /* TLAnimationUIControlsViewController.m in Sources */ = {isa = PBXBuildFile; fileRef = 7ED76B041FA33238000B8DEF /* TLAnimationUIControlsViewController.m */; };
		7ED76B081FA3333D000B8DEF /* TLCloseAnimationViewController.m in Sources */ = {isa = PBXBuildFile; fileRef = 7ED76B071FA3333D000B8DEF /* TLCloseAnimationViewController.m */; };
		7ED76B561FA6D5F4000B8DEF /* TLGuideViewController.m in Sources */ = {isa = PBXBuildFile; fileRef = 7ED76B551FA6D5F4000B8DEF /* TLGuideViewController.m */; };
		7ED76B5A1FA6F399000B8DEF /* NSObject+TLExtension.m in Sources */ = {isa = PBXBuildFile; fileRef = 7ED76B591FA6F399000B8DEF /* NSObject+TLExtension.m */; };
		7ED76B661FA6FAEF000B8DEF /* TLHomeViewController.m in Sources */ = {isa = PBXBuildFile; fileRef = 7ED76B651FA6FAEF000B8DEF /* TLHomeViewController.m */; };
		7ED76B691FA6FB03000B8DEF /* TLAdvancedViewController.m in Sources */ = {isa = PBXBuildFile; fileRef = 7ED76B681FA6FB03000B8DEF /* TLAdvancedViewController.m */; };
		7ED76B6C1FA6FB12000B8DEF /* TLProfileViewController.m in Sources */ = {isa = PBXBuildFile; fileRef = 7ED76B6B1FA6FB12000B8DEF /* TLProfileViewController.m */; };
		7ED76B701FA6FC43000B8DEF /* TLNavigationController.m in Sources */ = {isa = PBXBuildFile; fileRef = 7ED76B6F1FA6FC43000B8DEF /* TLNavigationController.m */; };
		7ED76B731FA6FD17000B8DEF /* NSDate+TLExtension.m in Sources */ = {isa = PBXBuildFile; fileRef = 7ED76B721FA6FD17000B8DEF /* NSDate+TLExtension.m */; };
		7ED76B761FA6FD86000B8DEF /* NSDateFormatter+TLExtension.m in Sources */ = {isa = PBXBuildFile; fileRef = 7ED76B751FA6FD86000B8DEF /* NSDateFormatter+TLExtension.m */; };
		7ED76B791FA6FDBF000B8DEF /* UIBarButtonItem+TLExtension.m in Sources */ = {isa = PBXBuildFile; fileRef = 7ED76B781FA6FDBF000B8DEF /* UIBarButtonItem+TLExtension.m */; };
		7ED76B7C1FA6FDF6000B8DEF /* UIImage+TLExtension.m in Sources */ = {isa = PBXBuildFile; fileRef = 7ED76B7B1FA6FDF6000B8DEF /* UIImage+TLExtension.m */; };
		7ED76B7F1FA6FE30000B8DEF /* UIView+TLExtension.m in Sources */ = {isa = PBXBuildFile; fileRef = 7ED76B7E1FA6FE30000B8DEF /* UIView+TLExtension.m */; };
		7ED76B841FA70C08000B8DEF /* TLZoomCycleImageView.m in Sources */ = {isa = PBXBuildFile; fileRef = 7ED76B831FA70C08000B8DEF /* TLZoomCycleImageView.m */; };
		7ED76B871FA70C5A000B8DEF /* TLZoomCycleImageCell.m in Sources */ = {isa = PBXBuildFile; fileRef = 7ED76B861FA70C5A000B8DEF /* TLZoomCycleImageCell.m */; };
		7ED76BFE1FA95920000B8DEF /* TLAnimationRefreshHeader.m in Sources */ = {isa = PBXBuildFile; fileRef = 7ED76BFD1FA95920000B8DEF /* TLAnimationRefreshHeader.m */; };
		7ED76C011FA95A53000B8DEF /* TLAnimationRefreshFooter.m in Sources */ = {isa = PBXBuildFile; fileRef = 7ED76C001FA95A53000B8DEF /* TLAnimationRefreshFooter.m */; };
/* End PBXBuildFile section */

/* Begin PBXContainerItemProxy section */
		7E87B4011FA2EDCF008C391C /* PBXContainerItemProxy */ = {
			isa = PBXContainerItemProxy;
			containerPortal = 7E87B3E01FA2EDCF008C391C /* Project object */;
			proxyType = 1;
			remoteGlobalIDString = 7E87B3E71FA2EDCF008C391C;
			remoteInfo = TLSurveyLottie;
		};
		7E87B40C1FA2EDD0008C391C /* PBXContainerItemProxy */ = {
			isa = PBXContainerItemProxy;
			containerPortal = 7E87B3E01FA2EDCF008C391C /* Project object */;
			proxyType = 1;
			remoteGlobalIDString = 7E87B3E71FA2EDCF008C391C;
			remoteInfo = TLSurveyLottie;
		};
/* End PBXContainerItemProxy section */

/* Begin PBXFileReference section */
		1C0FD38ABCBE85715CCB3824 /* Pods-TLSurveyLottie.debug.xcconfig */ = {isa = PBXFileReference; includeInIndex = 1; lastKnownFileType = text.xcconfig; name = "Pods-TLSurveyLottie.debug.xcconfig"; path = "Pods/Target Support Files/Pods-TLSurveyLottie/Pods-TLSurveyLottie.debug.xcconfig"; sourceTree = "<group>"; };
		644907A6799B797BB6788B1B /* Pods_TLSurveyLottie.framework */ = {isa = PBXFileReference; explicitFileType = wrapper.framework; includeInIndex = 0; path = Pods_TLSurveyLottie.framework; sourceTree = BUILT_PRODUCTS_DIR; };
		7E5438851FA9622600AF27FD /* Edit.json */ = {isa = PBXFileReference; fileEncoding = 4; lastKnownFileType = text.json; path = Edit.json; sourceTree = "<group>"; };
		7E5438861FA9622600AF27FD /* EmptyStatus.json */ = {isa = PBXFileReference; fileEncoding = 4; lastKnownFileType = text.json; path = EmptyStatus.json; sourceTree = "<group>"; };
		7E5438871FA9622600AF27FD /* HappyBirthday.json */ = {isa = PBXFileReference; fileEncoding = 4; lastKnownFileType = text.json; path = HappyBirthday.json; sourceTree = "<group>"; };
		7E5438881FA9622600AF27FD /* Loading.json */ = {isa = PBXFileReference; fileEncoding = 4; lastKnownFileType = text.json; path = Loading.json; sourceTree = "<group>"; };
		7E5438891FA9622600AF27FD /* LottieLogo.json */ = {isa = PBXFileReference; fileEncoding = 4; lastKnownFileType = text.json; path = LottieLogo.json; sourceTree = "<group>"; };
		7E54388A1FA9622600AF27FD /* Play-Pause.json */ = {isa = PBXFileReference; fileEncoding = 4; lastKnownFileType = text.json; path = "Play-Pause.json"; sourceTree = "<group>"; };
		7E54388B1FA9622600AF27FD /* RectComp.json */ = {isa = PBXFileReference; fileEncoding = 4; lastKnownFileType = text.json; path = RectComp.json; sourceTree = "<group>"; };
		7E54388C1FA9622600AF27FD /* RefreshFooterAnim.json */ = {isa = PBXFileReference; fileEncoding = 4; lastKnownFileType = text.json; path = RefreshFooterAnim.json; sourceTree = "<group>"; };
		7E54388D1FA9622600AF27FD /* RefreshHeaderAnim.json */ = {isa = PBXFileReference; fileEncoding = 4; lastKnownFileType = text.json; path = RefreshHeaderAnim.json; sourceTree = "<group>"; };
		7E54388F1FA9622600AF27FD /* vcTransition1.json */ = {isa = PBXFileReference; fileEncoding = 4; lastKnownFileType = text.json; path = vcTransition1.json; sourceTree = "<group>"; };
		7E5438901FA9622600AF27FD /* vcTransition2.json */ = {isa = PBXFileReference; fileEncoding = 4; lastKnownFileType = text.json; path = vcTransition2.json; sourceTree = "<group>"; };
		7E5438921FA9622600AF27FD /* 9squares-AlBoardman.json */ = {isa = PBXFileReference; fileEncoding = 4; lastKnownFileType = text.json; path = "9squares-AlBoardman.json"; sourceTree = "<group>"; };
		7E5438931FA9622600AF27FD /* HamburgerArrow.json */ = {isa = PBXFileReference; fileEncoding = 4; lastKnownFileType = text.json; path = HamburgerArrow.json; sourceTree = "<group>"; };
		7E5438941FA9622600AF27FD /* IconTransitions.json */ = {isa = PBXFileReference; fileEncoding = 4; lastKnownFileType = text.json; path = IconTransitions.json; sourceTree = "<group>"; };
		7E5438951FA9622600AF27FD /* LottieLogo1.json */ = {isa = PBXFileReference; fileEncoding = 4; lastKnownFileType = text.json; path = LottieLogo1.json; sourceTree = "<group>"; };
		7E5438961FA9622600AF27FD /* LottieLogo1_masked.json */ = {isa = PBXFileReference; fileEncoding = 4; lastKnownFileType = text.json; path = LottieLogo1_masked.json; sourceTree = "<group>"; };
		7E5438971FA9622600AF27FD /* LottieLogo2.json */ = {isa = PBXFileReference; fileEncoding = 4; lastKnownFileType = text.json; path = LottieLogo2.json; sourceTree = "<group>"; };
		7E5438981FA9622600AF27FD /* MotionCorpse-Jrcanest.json */ = {isa = PBXFileReference; fileEncoding = 4; lastKnownFileType = text.json; path = "MotionCorpse-Jrcanest.json"; sourceTree = "<group>"; };
		7E5438991FA9622600AF27FD /* PinJump.json */ = {isa = PBXFileReference; fileEncoding = 4; lastKnownFileType = text.json; path = PinJump.json; sourceTree = "<group>"; };
		7E54389A1FA9622600AF27FD /* Switch.json */ = {isa = PBXFileReference; fileEncoding = 4; lastKnownFileType = text.json; path = Switch.json; sourceTree = "<group>"; };
		7E54389B1FA9622600AF27FD /* Switch_States.json */ = {isa = PBXFileReference; fileEncoding = 4; lastKnownFileType = text.json; path = Switch_States.json; sourceTree = "<group>"; };
		7E54389C1FA9622700AF27FD /* TwitterHeart.json */ = {isa = PBXFileReference; fileEncoding = 4; lastKnownFileType = text.json; path = TwitterHeart.json; sourceTree = "<group>"; };
		7E54389D1FA9622700AF27FD /* vcTransition1.json */ = {isa = PBXFileReference; fileEncoding = 4; lastKnownFileType = text.json; path = vcTransition1.json; sourceTree = "<group>"; };
		7E54389E1FA9622700AF27FD /* vcTransition2.json */ = {isa = PBXFileReference; fileEncoding = 4; lastKnownFileType = text.json; path = vcTransition2.json; sourceTree = "<group>"; };
		7E54389F1FA9622700AF27FD /* Watermelon.json */ = {isa = PBXFileReference; fileEncoding = 4; lastKnownFileType = text.json; path = Watermelon.json; sourceTree = "<group>"; };
		7E5438A11FA9622700AF27FD /* A.json */ = {isa = PBXFileReference; fileEncoding = 4; lastKnownFileType = text.json; path = A.json; sourceTree = "<group>"; };
		7E5438A21FA9622700AF27FD /* Apostrophe.json */ = {isa = PBXFileReference; fileEncoding = 4; lastKnownFileType = text.json; path = Apostrophe.json; sourceTree = "<group>"; };
		7E5438A31FA9622700AF27FD /* B.json */ = {isa = PBXFileReference; fileEncoding = 4; lastKnownFileType = text.json; path = B.json; sourceTree = "<group>"; };
		7E5438A41FA9622700AF27FD /* BlinkingCursor.json */ = {isa = PBXFileReference; fileEncoding = 4; lastKnownFileType = text.json; path = BlinkingCursor.json; sourceTree = "<group>"; };
		7E5438A51FA9622700AF27FD /* C.json */ = {isa = PBXFileReference; fileEncoding = 4; lastKnownFileType = text.json; path = C.json; sourceTree = "<group>"; };
		7E5438A61FA9622700AF27FD /* Colon.json */ = {isa = PBXFileReference; fileEncoding = 4; lastKnownFileType = text.json; path = Colon.json; sourceTree = "<group>"; };
		7E5438A71FA9622700AF27FD /* Comma.json */ = {isa = PBXFileReference; fileEncoding = 4; lastKnownFileType = text.json; path = Comma.json; sourceTree = "<group>"; };
		7E5438A81FA9622700AF27FD /* D.json */ = {isa = PBXFileReference; fileEncoding = 4; lastKnownFileType = text.json; path = D.json; sourceTree = "<group>"; };
		7E5438A91FA9622700AF27FD /* E.json */ = {isa = PBXFileReference; fileEncoding = 4; lastKnownFileType = text.json; path = E.json; sourceTree = "<group>"; };
		7E5438AA1FA9622700AF27FD /* F.json */ = {isa = PBXFileReference; fileEncoding = 4; lastKnownFileType = text.json; path = F.json; sourceTree = "<group>"; };
		7E5438AB1FA9622700AF27FD /* G.json */ = {isa = PBXFileReference; fileEncoding = 4; lastKnownFileType = text.json; path = G.json; sourceTree = "<group>"; };
		7E5438AC1FA9622700AF27FD /* H.json */ = {isa = PBXFileReference; fileEncoding = 4; lastKnownFileType = text.json; path = H.json; sourceTree = "<group>"; };
		7E5438AD1FA9622700AF27FD /* I.json */ = {isa = PBXFileReference; fileEncoding = 4; lastKnownFileType = text.json; path = I.json; sourceTree = "<group>"; };
		7E5438AE1FA9622700AF27FD /* J.json */ = {isa = PBXFileReference; fileEncoding = 4; lastKnownFileType = text.json; path = J.json; sourceTree = "<group>"; };
		7E5438AF1FA9622700AF27FD /* K.json */ = {isa = PBXFileReference; fileEncoding = 4; lastKnownFileType = text.json; path = K.json; sourceTree = "<group>"; };
		7E5438B01FA9622700AF27FD /* L.json */ = {isa = PBXFileReference; fileEncoding = 4; lastKnownFileType = text.json; path = L.json; sourceTree = "<group>"; };
		7E5438B11FA9622700AF27FD /* M.json */ = {isa = PBXFileReference; fileEncoding = 4; lastKnownFileType = text.json; path = M.json; sourceTree = "<group>"; };
		7E5438B21FA9622700AF27FD /* N.json */ = {isa = PBXFileReference; fileEncoding = 4; lastKnownFileType = text.json; path = N.json; sourceTree = "<group>"; };
		7E5438B31FA9622700AF27FD /* O.json */ = {isa = PBXFileReference; fileEncoding = 4; lastKnownFileType = text.json; path = O.json; sourceTree = "<group>"; };
		7E5438B41FA9622700AF27FD /* P.json */ = {isa = PBXFileReference; fileEncoding = 4; lastKnownFileType = text.json; path = P.json; sourceTree = "<group>"; };
		7E5438B51FA9622700AF27FD /* Q.json */ = {isa = PBXFileReference; fileEncoding = 4; lastKnownFileType = text.json; path = Q.json; sourceTree = "<group>"; };
		7E5438B61FA9622700AF27FD /* R.json */ = {isa = PBXFileReference; fileEncoding = 4; lastKnownFileType = text.json; path = R.json; sourceTree = "<group>"; };
		7E5438B71FA9622700AF27FD /* S.json */ = {isa = PBXFileReference; fileEncoding = 4; lastKnownFileType = text.json; path = S.json; sourceTree = "<group>"; };
		7E5438B81FA9622700AF27FD /* T.json */ = {isa = PBXFileReference; fileEncoding = 4; lastKnownFileType = text.json; path = T.json; sourceTree = "<group>"; };
		7E5438B91FA9622700AF27FD /* U.json */ = {isa = PBXFileReference; fileEncoding = 4; lastKnownFileType = text.json; path = U.json; sourceTree = "<group>"; };
		7E5438BA1FA9622700AF27FD /* V.json */ = {isa = PBXFileReference; fileEncoding = 4; lastKnownFileType = text.json; path = V.json; sourceTree = "<group>"; };
		7E5438BB1FA9622700AF27FD /* W.json */ = {isa = PBXFileReference; fileEncoding = 4; lastKnownFileType = text.json; path = W.json; sourceTree = "<group>"; };
		7E5438BC1FA9622700AF27FD /* X.json */ = {isa = PBXFileReference; fileEncoding = 4; lastKnownFileType = text.json; path = X.json; sourceTree = "<group>"; };
		7E5438BD1FA9622700AF27FD /* Y.json */ = {isa = PBXFileReference; fileEncoding = 4; lastKnownFileType = text.json; path = Y.json; sourceTree = "<group>"; };
		7E5438BE1FA9622700AF27FD /* Z.json */ = {isa = PBXFileReference; fileEncoding = 4; lastKnownFileType = text.json; path = Z.json; sourceTree = "<group>"; };
		7E5438C21FA9622700AF27FD /* GuidePage1img_0.png */ = {isa = PBXFileReference; lastKnownFileType = image.png; path = GuidePage1img_0.png; sourceTree = "<group>"; };
		7E5438C31FA9622700AF27FD /* GuidePage1img_1.png */ = {isa = PBXFileReference; lastKnownFileType = image.png; path = GuidePage1img_1.png; sourceTree = "<group>"; };
		7E5438C41FA9622700AF27FD /* GuidePage1img_2.png */ = {isa = PBXFileReference; lastKnownFileType = image.png; path = GuidePage1img_2.png; sourceTree = "<group>"; };
		7E5438C51FA9622700AF27FD /* GuidePage1img_3.png */ = {isa = PBXFileReference; lastKnownFileType = image.png; path = GuidePage1img_3.png; sourceTree = "<group>"; };
		7E5438C61FA9622700AF27FD /* GuidePage1.json */ = {isa = PBXFileReference; fileEncoding = 4; lastKnownFileType = text.json; path = GuidePage1.json; sourceTree = "<group>"; };
		7E5438C91FA9622700AF27FD /* GuidePage2img_0.png */ = {isa = PBXFileReference; lastKnownFileType = image.png; path = GuidePage2img_0.png; sourceTree = "<group>"; };
		7E5438CA1FA9622700AF27FD /* GuidePage2img_1.png */ = {isa = PBXFileReference; lastKnownFileType = image.png; path = GuidePage2img_1.png; sourceTree = "<group>"; };
		7E5438CB1FA9622700AF27FD /* GuidePage2.json */ = {isa = PBXFileReference; fileEncoding = 4; lastKnownFileType = text.json; path = GuidePage2.json; sourceTree = "<group>"; };
		7E5438CE1FA9622700AF27FD /* GuidePage3img_0.png */ = {isa = PBXFileReference; lastKnownFileType = image.png; path = GuidePage3img_0.png; sourceTree = "<group>"; };
		7E5438CF1FA9622700AF27FD /* GuidePage3img_1.png */ = {isa = PBXFileReference; lastKnownFileType = image.png; path = GuidePage3img_1.png; sourceTree = "<group>"; };
		7E5438D01FA9622700AF27FD /* GuidePage3img_2.png */ = {isa = PBXFileReference; lastKnownFileType = image.png; path = GuidePage3img_2.png; sourceTree = "<group>"; };
		7E5438D11FA9622700AF27FD /* GuidePage3img_3.png */ = {isa = PBXFileReference; lastKnownFileType = image.png; path = GuidePage3img_3.png; sourceTree = "<group>"; };
		7E5438D21FA9622700AF27FD /* GuidePage3img_4.png */ = {isa = PBXFileReference; lastKnownFileType = image.png; path = GuidePage3img_4.png; sourceTree = "<group>"; };
		7E5438D31FA9622700AF27FD /* GuidePage3.json */ = {isa = PBXFileReference; fileEncoding = 4; lastKnownFileType = text.json; path = GuidePage3.json; sourceTree = "<group>"; };
		7E5438D71FA9622700AF27FD /* img_0.png */ = {isa = PBXFileReference; lastKnownFileType = image.png; path = img_0.png; sourceTree = "<group>"; };
		7E5438D81FA9622700AF27FD /* img_1.png */ = {isa = PBXFileReference; lastKnownFileType = image.png; path = img_1.png; sourceTree = "<group>"; };
		7E5438D91FA9622700AF27FD /* img_2.png */ = {isa = PBXFileReference; lastKnownFileType = image.png; path = img_2.png; sourceTree = "<group>"; };
		7E5438DA1FA9622700AF27FD /* img_3.png */ = {isa = PBXFileReference; lastKnownFileType = image.png; path = img_3.png; sourceTree = "<group>"; };
		7E5439261FA9639800AF27FD /* Launch.json */ = {isa = PBXFileReference; fileEncoding = 4; lastKnownFileType = text.json; path = Launch.json; sourceTree = "<group>"; };
		7E5439281FA963D100AF27FD /* SwitchControl.json */ = {isa = PBXFileReference; fileEncoding = 4; lastKnownFileType = text.json; path = SwitchControl.json; sourceTree = "<group>"; };
		7E54392D1FA96FB200AF27FD /* TLLoadingAnimationViewController.h */ = {isa = PBXFileReference; lastKnownFileType = sourcecode.c.h; path = TLLoadingAnimationViewController.h; sourceTree = "<group>"; };
		7E54392E1FA96FB200AF27FD /* TLLoadingAnimationViewController.m */ = {isa = PBXFileReference; lastKnownFileType = sourcecode.c.objc; path = TLLoadingAnimationViewController.m; sourceTree = "<group>"; };
		7E5439301FA970AB00AF27FD /* UIView+TLEmptyStatus.h */ = {isa = PBXFileReference; lastKnownFileType = sourcecode.c.h; path = "UIView+TLEmptyStatus.h"; sourceTree = "<group>"; };
		7E5439311FA970AB00AF27FD /* UIView+TLEmptyStatus.m */ = {isa = PBXFileReference; lastKnownFileType = sourcecode.c.objc; path = "UIView+TLEmptyStatus.m"; sourceTree = "<group>"; };
		7E87B3E81FA2EDCF008C391C /* TLSurveyLottie.app */ = {isa = PBXFileReference; explicitFileType = wrapper.application; includeInIndex = 0; path = TLSurveyLottie.app; sourceTree = BUILT_PRODUCTS_DIR; };
		7E87B3EB1FA2EDCF008C391C /* TLAppDelegate.h */ = {isa = PBXFileReference; lastKnownFileType = sourcecode.c.h; path = TLAppDelegate.h; sourceTree = "<group>"; };
		7E87B3EC1FA2EDCF008C391C /* TLAppDelegate.m */ = {isa = PBXFileReference; lastKnownFileType = sourcecode.c.objc; path = TLAppDelegate.m; sourceTree = "<group>"; };
		7E87B3F41FA2EDCF008C391C /* Assets.xcassets */ = {isa = PBXFileReference; lastKnownFileType = folder.assetcatalog; path = Assets.xcassets; sourceTree = "<group>"; };
		7E87B3F71FA2EDCF008C391C /* Base */ = {isa = PBXFileReference; lastKnownFileType = file.storyboard; name = Base; path = Base.lproj/LaunchScreen.storyboard; sourceTree = "<group>"; };
		7E87B3F91FA2EDCF008C391C /* Info.plist */ = {isa = PBXFileReference; lastKnownFileType = text.plist.xml; path = Info.plist; sourceTree = "<group>"; };
		7E87B3FA1FA2EDCF008C391C /* main.m */ = {isa = PBXFileReference; lastKnownFileType = sourcecode.c.objc; path = main.m; sourceTree = "<group>"; };
		7E87B4001FA2EDCF008C391C /* TLSurveyLottieTests.xctest */ = {isa = PBXFileReference; explicitFileType = wrapper.cfbundle; includeInIndex = 0; path = TLSurveyLottieTests.xctest; sourceTree = BUILT_PRODUCTS_DIR; };
		7E87B4041FA2EDCF008C391C /* TLSurveyLottieTests.m */ = {isa = PBXFileReference; lastKnownFileType = sourcecode.c.objc; path = TLSurveyLottieTests.m; sourceTree = "<group>"; };
		7E87B4061FA2EDCF008C391C /* Info.plist */ = {isa = PBXFileReference; lastKnownFileType = text.plist.xml; path = Info.plist; sourceTree = "<group>"; };
		7E87B40B1FA2EDD0008C391C /* TLSurveyLottieUITests.xctest */ = {isa = PBXFileReference; explicitFileType = wrapper.cfbundle; includeInIndex = 0; path = TLSurveyLottieUITests.xctest; sourceTree = BUILT_PRODUCTS_DIR; };
		7E87B40F1FA2EDD0008C391C /* TLSurveyLottieUITests.m */ = {isa = PBXFileReference; lastKnownFileType = sourcecode.c.objc; path = TLSurveyLottieUITests.m; sourceTree = "<group>"; };
		7E87B4111FA2EDD0008C391C /* Info.plist */ = {isa = PBXFileReference; lastKnownFileType = text.plist.xml; path = Info.plist; sourceTree = "<group>"; };
		7ED76A801FA2FAC6000B8DEF /* TLSurveyLottie-Prefix.pch */ = {isa = PBXFileReference; lastKnownFileType = sourcecode.c.h; path = "TLSurveyLottie-Prefix.pch"; sourceTree = "<group>"; };
		7ED76A851FA313AA000B8DEF /* TLAnimationExplorerViewController.h */ = {isa = PBXFileReference; lastKnownFileType = sourcecode.c.h; path = TLAnimationExplorerViewController.h; sourceTree = "<group>"; };
		7ED76A861FA313AA000B8DEF /* TLAnimationExplorerViewController.m */ = {isa = PBXFileReference; lastKnownFileType = sourcecode.c.objc; path = TLAnimationExplorerViewController.m; sourceTree = "<group>"; };
		7ED76A881FA314D7000B8DEF /* TLJSONExplorerViewController.h */ = {isa = PBXFileReference; lastKnownFileType = sourcecode.c.h; path = TLJSONExplorerViewController.h; sourceTree = "<group>"; };
		7ED76A891FA314D7000B8DEF /* TLJSONExplorerViewController.m */ = {isa = PBXFileReference; lastKnownFileType = sourcecode.c.objc; path = TLJSONExplorerViewController.m; sourceTree = "<group>"; };
		7ED76A8B1FA314E9000B8DEF /* TLQRScannerViewController.h */ = {isa = PBXFileReference; lastKnownFileType = sourcecode.c.h; path = TLQRScannerViewController.h; sourceTree = "<group>"; };
		7ED76A8C1FA314E9000B8DEF /* TLQRScannerViewController.m */ = {isa = PBXFileReference; lastKnownFileType = sourcecode.c.objc; path = TLQRScannerViewController.m; sourceTree = "<group>"; };
		7ED76AF21FA32628000B8DEF /* AVFoundation.framework */ = {isa = PBXFileReference; lastKnownFileType = wrapper.framework; name = AVFoundation.framework; path = System/Library/Frameworks/AVFoundation.framework; sourceTree = SDKROOT; };
		7ED76AF41FA3263F000B8DEF /* CoreGraphics.framework */ = {isa = PBXFileReference; lastKnownFileType = wrapper.framework; name = CoreGraphics.framework; path = System/Library/Frameworks/CoreGraphics.framework; sourceTree = SDKROOT; };
		7ED76AF61FA3287C000B8DEF /* TLAnimationKeyboardViewController.h */ = {isa = PBXFileReference; fileEncoding = 4; lastKnownFileType = sourcecode.c.h; path = TLAnimationKeyboardViewController.h; sourceTree = "<group>"; };
		7ED76AF71FA3287C000B8DEF /* TLAnimatedTextField.m */ = {isa = PBXFileReference; fileEncoding = 4; lastKnownFileType = sourcecode.c.objc; path = TLAnimatedTextField.m; sourceTree = "<group>"; };
		7ED76AF81FA3287C000B8DEF /* TLAnimatedTextField.h */ = {isa = PBXFileReference; fileEncoding = 4; lastKnownFileType = sourcecode.c.h; path = TLAnimatedTextField.h; sourceTree = "<group>"; };
		7ED76AF91FA3287D000B8DEF /* TLAnimationKeyboardViewController.m */ = {isa = PBXFileReference; fileEncoding = 4; lastKnownFileType = sourcecode.c.objc; path = TLAnimationKeyboardViewController.m; sourceTree = "<group>"; };
		7ED76AFC1FA33097000B8DEF /* MobileCoreServices.framework */ = {isa = PBXFileReference; lastKnownFileType = wrapper.framework; name = MobileCoreServices.framework; path = System/Library/Frameworks/MobileCoreServices.framework; sourceTree = SDKROOT; };
		7ED76B001FA3321A000B8DEF /* TLAnimationTransitionViewController.h */ = {isa = PBXFileReference; lastKnownFileType = sourcecode.c.h; path = TLAnimationTransitionViewController.h; sourceTree = "<group>"; };
		7ED76B011FA3321A000B8DEF /* TLAnimationTransitionViewController.m */ = {isa = PBXFileReference; lastKnownFileType = sourcecode.c.objc; path = TLAnimationTransitionViewController.m; sourceTree = "<group>"; };
		7ED76B031FA33238000B8DEF /* TLAnimationUIControlsViewController.h */ = {isa = PBXFileReference; lastKnownFileType = sourcecode.c.h; path = TLAnimationUIControlsViewController.h; sourceTree = "<group>"; };
		7ED76B041FA33238000B8DEF /* TLAnimationUIControlsViewController.m */ = {isa = PBXFileReference; lastKnownFileType = sourcecode.c.objc; path = TLAnimationUIControlsViewController.m; sourceTree = "<group>"; };
		7ED76B061FA3333D000B8DEF /* TLCloseAnimationViewController.h */ = {isa = PBXFileReference; lastKnownFileType = sourcecode.c.h; path = TLCloseAnimationViewController.h; sourceTree = "<group>"; };
		7ED76B071FA3333D000B8DEF /* TLCloseAnimationViewController.m */ = {isa = PBXFileReference; lastKnownFileType = sourcecode.c.objc; path = TLCloseAnimationViewController.m; sourceTree = "<group>"; };
		7ED76B0A1FA36F57000B8DEF /* Lottie.framework */ = {isa = PBXFileReference; explicitFileType = wrapper.framework; path = Lottie.framework; sourceTree = BUILT_PRODUCTS_DIR; };
		7ED76B541FA6D5F4000B8DEF /* TLGuideViewController.h */ = {isa = PBXFileReference; lastKnownFileType = sourcecode.c.h; path = TLGuideViewController.h; sourceTree = "<group>"; };
		7ED76B551FA6D5F4000B8DEF /* TLGuideViewController.m */ = {isa = PBXFileReference; lastKnownFileType = sourcecode.c.objc; path = TLGuideViewController.m; sourceTree = "<group>"; };
		7ED76B581FA6F399000B8DEF /* NSObject+TLExtension.h */ = {isa = PBXFileReference; lastKnownFileType = sourcecode.c.h; path = "NSObject+TLExtension.h"; sourceTree = "<group>"; };
		7ED76B591FA6F399000B8DEF /* NSObject+TLExtension.m */ = {isa = PBXFileReference; lastKnownFileType = sourcecode.c.objc; path = "NSObject+TLExtension.m"; sourceTree = "<group>"; };
		7ED76B5D1FA6F622000B8DEF /* TLHeaderFile.h */ = {isa = PBXFileReference; lastKnownFileType = sourcecode.c.h; path = TLHeaderFile.h; sourceTree = "<group>"; };
		7ED76B5E1FA6F696000B8DEF /* TLConst.h */ = {isa = PBXFileReference; lastKnownFileType = sourcecode.c.h; path = TLConst.h; sourceTree = "<group>"; };
		7ED76B5F1FA6F6AC000B8DEF /* TLMacroTool.h */ = {isa = PBXFileReference; lastKnownFileType = sourcecode.c.h; path = TLMacroTool.h; sourceTree = "<group>"; };
		7ED76B641FA6FAEF000B8DEF /* TLHomeViewController.h */ = {isa = PBXFileReference; lastKnownFileType = sourcecode.c.h; path = TLHomeViewController.h; sourceTree = "<group>"; };
		7ED76B651FA6FAEF000B8DEF /* TLHomeViewController.m */ = {isa = PBXFileReference; lastKnownFileType = sourcecode.c.objc; path = TLHomeViewController.m; sourceTree = "<group>"; };
		7ED76B671FA6FB03000B8DEF /* TLAdvancedViewController.h */ = {isa = PBXFileReference; lastKnownFileType = sourcecode.c.h; path = TLAdvancedViewController.h; sourceTree = "<group>"; };
		7ED76B681FA6FB03000B8DEF /* TLAdvancedViewController.m */ = {isa = PBXFileReference; lastKnownFileType = sourcecode.c.objc; path = TLAdvancedViewController.m; sourceTree = "<group>"; };
		7ED76B6A1FA6FB12000B8DEF /* TLProfileViewController.h */ = {isa = PBXFileReference; lastKnownFileType = sourcecode.c.h; path = TLProfileViewController.h; sourceTree = "<group>"; };
		7ED76B6B1FA6FB12000B8DEF /* TLProfileViewController.m */ = {isa = PBXFileReference; lastKnownFileType = sourcecode.c.objc; path = TLProfileViewController.m; sourceTree = "<group>"; };
		7ED76B6E1FA6FC43000B8DEF /* TLNavigationController.h */ = {isa = PBXFileReference; lastKnownFileType = sourcecode.c.h; path = TLNavigationController.h; sourceTree = "<group>"; };
		7ED76B6F1FA6FC43000B8DEF /* TLNavigationController.m */ = {isa = PBXFileReference; lastKnownFileType = sourcecode.c.objc; path = TLNavigationController.m; sourceTree = "<group>"; };
		7ED76B711FA6FD17000B8DEF /* NSDate+TLExtension.h */ = {isa = PBXFileReference; lastKnownFileType = sourcecode.c.h; path = "NSDate+TLExtension.h"; sourceTree = "<group>"; };
		7ED76B721FA6FD17000B8DEF /* NSDate+TLExtension.m */ = {isa = PBXFileReference; lastKnownFileType = sourcecode.c.objc; path = "NSDate+TLExtension.m"; sourceTree = "<group>"; };
		7ED76B741FA6FD86000B8DEF /* NSDateFormatter+TLExtension.h */ = {isa = PBXFileReference; lastKnownFileType = sourcecode.c.h; path = "NSDateFormatter+TLExtension.h"; sourceTree = "<group>"; };
		7ED76B751FA6FD86000B8DEF /* NSDateFormatter+TLExtension.m */ = {isa = PBXFileReference; lastKnownFileType = sourcecode.c.objc; path = "NSDateFormatter+TLExtension.m"; sourceTree = "<group>"; };
		7ED76B771FA6FDBF000B8DEF /* UIBarButtonItem+TLExtension.h */ = {isa = PBXFileReference; lastKnownFileType = sourcecode.c.h; path = "UIBarButtonItem+TLExtension.h"; sourceTree = "<group>"; };
		7ED76B781FA6FDBF000B8DEF /* UIBarButtonItem+TLExtension.m */ = {isa = PBXFileReference; lastKnownFileType = sourcecode.c.objc; path = "UIBarButtonItem+TLExtension.m"; sourceTree = "<group>"; };
		7ED76B7A1FA6FDF6000B8DEF /* UIImage+TLExtension.h */ = {isa = PBXFileReference; lastKnownFileType = sourcecode.c.h; path = "UIImage+TLExtension.h"; sourceTree = "<group>"; };
		7ED76B7B1FA6FDF6000B8DEF /* UIImage+TLExtension.m */ = {isa = PBXFileReference; lastKnownFileType = sourcecode.c.objc; path = "UIImage+TLExtension.m"; sourceTree = "<group>"; };
		7ED76B7D1FA6FE30000B8DEF /* UIView+TLExtension.h */ = {isa = PBXFileReference; lastKnownFileType = sourcecode.c.h; path = "UIView+TLExtension.h"; sourceTree = "<group>"; };
		7ED76B7E1FA6FE30000B8DEF /* UIView+TLExtension.m */ = {isa = PBXFileReference; lastKnownFileType = sourcecode.c.objc; path = "UIView+TLExtension.m"; sourceTree = "<group>"; };
		7ED76B821FA70C08000B8DEF /* TLZoomCycleImageView.h */ = {isa = PBXFileReference; lastKnownFileType = sourcecode.c.h; path = TLZoomCycleImageView.h; sourceTree = "<group>"; };
		7ED76B831FA70C08000B8DEF /* TLZoomCycleImageView.m */ = {isa = PBXFileReference; lastKnownFileType = sourcecode.c.objc; path = TLZoomCycleImageView.m; sourceTree = "<group>"; };
		7ED76B851FA70C5A000B8DEF /* TLZoomCycleImageCell.h */ = {isa = PBXFileReference; lastKnownFileType = sourcecode.c.h; path = TLZoomCycleImageCell.h; sourceTree = "<group>"; };
		7ED76B861FA70C5A000B8DEF /* TLZoomCycleImageCell.m */ = {isa = PBXFileReference; lastKnownFileType = sourcecode.c.objc; path = TLZoomCycleImageCell.m; sourceTree = "<group>"; };
		7ED76BFC1FA95920000B8DEF /* TLAnimationRefreshHeader.h */ = {isa = PBXFileReference; lastKnownFileType = sourcecode.c.h; path = TLAnimationRefreshHeader.h; sourceTree = "<group>"; };
		7ED76BFD1FA95920000B8DEF /* TLAnimationRefreshHeader.m */ = {isa = PBXFileReference; lastKnownFileType = sourcecode.c.objc; path = TLAnimationRefreshHeader.m; sourceTree = "<group>"; };
		7ED76BFF1FA95A53000B8DEF /* TLAnimationRefreshFooter.h */ = {isa = PBXFileReference; lastKnownFileType = sourcecode.c.h; path = TLAnimationRefreshFooter.h; sourceTree = "<group>"; };
		7ED76C001FA95A53000B8DEF /* TLAnimationRefreshFooter.m */ = {isa = PBXFileReference; lastKnownFileType = sourcecode.c.objc; path = TLAnimationRefreshFooter.m; sourceTree = "<group>"; };
		BB1A63B3FFC9FA695629B457 /* Pods-TLSurveyLottie.release.xcconfig */ = {isa = PBXFileReference; includeInIndex = 1; lastKnownFileType = text.xcconfig; name = "Pods-TLSurveyLottie.release.xcconfig"; path = "Pods/Target Support Files/Pods-TLSurveyLottie/Pods-TLSurveyLottie.release.xcconfig"; sourceTree = "<group>"; };
/* End PBXFileReference section */

/* Begin PBXFrameworksBuildPhase section */
		7E87B3E51FA2EDCF008C391C /* Frameworks */ = {
			isa = PBXFrameworksBuildPhase;
			buildActionMask = 2147483647;
			files = (
				7ED76AF31FA32632000B8DEF /* AVFoundation.framework in Frameworks */,
				7ED76AF51FA32649000B8DEF /* CoreGraphics.framework in Frameworks */,
				77D77654102AD51DCD9CA75B /* Pods_TLSurveyLottie.framework in Frameworks */,
			);
			runOnlyForDeploymentPostprocessing = 0;
		};
		7E87B3FD1FA2EDCF008C391C /* Frameworks */ = {
			isa = PBXFrameworksBuildPhase;
			buildActionMask = 2147483647;
			files = (
			);
			runOnlyForDeploymentPostprocessing = 0;
		};
		7E87B4081FA2EDD0008C391C /* Frameworks */ = {
			isa = PBXFrameworksBuildPhase;
			buildActionMask = 2147483647;
			files = (
			);
			runOnlyForDeploymentPostprocessing = 0;
		};
/* End PBXFrameworksBuildPhase section */

/* Begin PBXGroup section */
		7E5438841FA9622600AF27FD /* AnimationControl */ = {
			isa = PBXGroup;
			children = (
				7E5439281FA963D100AF27FD /* SwitchControl.json */,
				7E5438851FA9622600AF27FD /* Edit.json */,
				7E5438861FA9622600AF27FD /* EmptyStatus.json */,
				7E5438871FA9622600AF27FD /* HappyBirthday.json */,
				7E5438881FA9622600AF27FD /* Loading.json */,
				7E5438891FA9622600AF27FD /* LottieLogo.json */,
				7E54388A1FA9622600AF27FD /* Play-Pause.json */,
				7E54388B1FA9622600AF27FD /* RectComp.json */,
				7E54388C1FA9622600AF27FD /* RefreshFooterAnim.json */,
				7E54388D1FA9622600AF27FD /* RefreshHeaderAnim.json */,
				7E54388F1FA9622600AF27FD /* vcTransition1.json */,
				7E5438901FA9622600AF27FD /* vcTransition2.json */,
			);
			path = AnimationControl;
			sourceTree = "<group>";
		};
		7E5438911FA9622600AF27FD /* Animation0 */ = {
			isa = PBXGroup;
			children = (
				7E5438921FA9622600AF27FD /* 9squares-AlBoardman.json */,
				7E5438931FA9622600AF27FD /* HamburgerArrow.json */,
				7E5438941FA9622600AF27FD /* IconTransitions.json */,
				7E5438951FA9622600AF27FD /* LottieLogo1.json */,
				7E5438961FA9622600AF27FD /* LottieLogo1_masked.json */,
				7E5438971FA9622600AF27FD /* LottieLogo2.json */,
				7E5438981FA9622600AF27FD /* MotionCorpse-Jrcanest.json */,
				7E5438991FA9622600AF27FD /* PinJump.json */,
				7E54389A1FA9622600AF27FD /* Switch.json */,
				7E54389B1FA9622600AF27FD /* Switch_States.json */,
				7E54389C1FA9622700AF27FD /* TwitterHeart.json */,
				7E54389D1FA9622700AF27FD /* vcTransition1.json */,
				7E54389E1FA9622700AF27FD /* vcTransition2.json */,
				7E54389F1FA9622700AF27FD /* Watermelon.json */,
			);
			path = Animation0;
			sourceTree = "<group>";
		};
		7E5438A01FA9622700AF27FD /* AnimationLetter */ = {
			isa = PBXGroup;
			children = (
				7E5438A11FA9622700AF27FD /* A.json */,
				7E5438A21FA9622700AF27FD /* Apostrophe.json */,
				7E5438A31FA9622700AF27FD /* B.json */,
				7E5438A41FA9622700AF27FD /* BlinkingCursor.json */,
				7E5438A51FA9622700AF27FD /* C.json */,
				7E5438A61FA9622700AF27FD /* Colon.json */,
				7E5438A71FA9622700AF27FD /* Comma.json */,
				7E5438A81FA9622700AF27FD /* D.json */,
				7E5438A91FA9622700AF27FD /* E.json */,
				7E5438AA1FA9622700AF27FD /* F.json */,
				7E5438AB1FA9622700AF27FD /* G.json */,
				7E5438AC1FA9622700AF27FD /* H.json */,
				7E5438AD1FA9622700AF27FD /* I.json */,
				7E5438AE1FA9622700AF27FD /* J.json */,
				7E5438AF1FA9622700AF27FD /* K.json */,
				7E5438B01FA9622700AF27FD /* L.json */,
				7E5438B11FA9622700AF27FD /* M.json */,
				7E5438B21FA9622700AF27FD /* N.json */,
				7E5438B31FA9622700AF27FD /* O.json */,
				7E5438B41FA9622700AF27FD /* P.json */,
				7E5438B51FA9622700AF27FD /* Q.json */,
				7E5438B61FA9622700AF27FD /* R.json */,
				7E5438B71FA9622700AF27FD /* S.json */,
				7E5438B81FA9622700AF27FD /* T.json */,
				7E5438B91FA9622700AF27FD /* U.json */,
				7E5438BA1FA9622700AF27FD /* V.json */,
				7E5438BB1FA9622700AF27FD /* W.json */,
				7E5438BC1FA9622700AF27FD /* X.json */,
				7E5438BD1FA9622700AF27FD /* Y.json */,
				7E5438BE1FA9622700AF27FD /* Z.json */,
			);
			path = AnimationLetter;
			sourceTree = "<group>";
		};
		7E5438BF1FA9622700AF27FD /* AnimationGuide */ = {
			isa = PBXGroup;
			children = (
				7E5438C01FA9622700AF27FD /* GuidePage1 */,
				7E5438C71FA9622700AF27FD /* GuidePage2 */,
				7E5438CC1FA9622700AF27FD /* GuidePage3 */,
				7E5438D41FA9622700AF27FD /* Launch */,
			);
			path = AnimationGuide;
			sourceTree = "<group>";
		};
		7E5438C01FA9622700AF27FD /* GuidePage1 */ = {
			isa = PBXGroup;
			children = (
				7E5438C11FA9622700AF27FD /* GuidePage1 */,
				7E5438C61FA9622700AF27FD /* GuidePage1.json */,
			);
			path = GuidePage1;
			sourceTree = "<group>";
		};
		7E5438C11FA9622700AF27FD /* GuidePage1 */ = {
			isa = PBXGroup;
			children = (
				7E5438C21FA9622700AF27FD /* GuidePage1img_0.png */,
				7E5438C31FA9622700AF27FD /* GuidePage1img_1.png */,
				7E5438C41FA9622700AF27FD /* GuidePage1img_2.png */,
				7E5438C51FA9622700AF27FD /* GuidePage1img_3.png */,
			);
			path = GuidePage1;
			sourceTree = "<group>";
		};
		7E5438C71FA9622700AF27FD /* GuidePage2 */ = {
			isa = PBXGroup;
			children = (
				7E5438C81FA9622700AF27FD /* GuidePage2 */,
				7E5438CB1FA9622700AF27FD /* GuidePage2.json */,
			);
			path = GuidePage2;
			sourceTree = "<group>";
		};
		7E5438C81FA9622700AF27FD /* GuidePage2 */ = {
			isa = PBXGroup;
			children = (
				7E5438C91FA9622700AF27FD /* GuidePage2img_0.png */,
				7E5438CA1FA9622700AF27FD /* GuidePage2img_1.png */,
			);
			path = GuidePage2;
			sourceTree = "<group>";
		};
		7E5438CC1FA9622700AF27FD /* GuidePage3 */ = {
			isa = PBXGroup;
			children = (
				7E5438CD1FA9622700AF27FD /* GuidePage3 */,
				7E5438D31FA9622700AF27FD /* GuidePage3.json */,
			);
			path = GuidePage3;
			sourceTree = "<group>";
		};
		7E5438CD1FA9622700AF27FD /* GuidePage3 */ = {
			isa = PBXGroup;
			children = (
				7E5438CE1FA9622700AF27FD /* GuidePage3img_0.png */,
				7E5438CF1FA9622700AF27FD /* GuidePage3img_1.png */,
				7E5438D01FA9622700AF27FD /* GuidePage3img_2.png */,
				7E5438D11FA9622700AF27FD /* GuidePage3img_3.png */,
				7E5438D21FA9622700AF27FD /* GuidePage3img_4.png */,
			);
			path = GuidePage3;
			sourceTree = "<group>";
		};
		7E5438D41FA9622700AF27FD /* Launch */ = {
			isa = PBXGroup;
			children = (
				7E5439261FA9639800AF27FD /* Launch.json */,
				7E5438D61FA9622700AF27FD /* images */,
			);
			path = Launch;
			sourceTree = "<group>";
		};
		7E5438D61FA9622700AF27FD /* images */ = {
			isa = PBXGroup;
			children = (
				7E5438D71FA9622700AF27FD /* img_0.png */,
				7E5438D81FA9622700AF27FD /* img_1.png */,
				7E5438D91FA9622700AF27FD /* img_2.png */,
				7E5438DA1FA9622700AF27FD /* img_3.png */,
			);
			path = images;
			sourceTree = "<group>";
		};
		7E54392A1FA96C2D00AF27FD /* Animations */ = {
			isa = PBXGroup;
			children = (
				7E54392C1FA96F8C00AF27FD /* Loading */,
				7ED76BFB1FA95795000B8DEF /* Refresh */,
				7ED76AFF1FA331EC000B8DEF /* UIControls */,
				7ED76AFE1FA331E7000B8DEF /* Transition */,
				7ED76AE81FA32139000B8DEF /* Keyboard */,
				7ED76A841FA31391000B8DEF /* Explorer */,
			);
			path = Animations;
			sourceTree = "<group>";
		};
		7E54392B1FA96D4A00AF27FD /* Application */ = {
			isa = PBXGroup;
			children = (
				7E87B3EB1FA2EDCF008C391C /* TLAppDelegate.h */,
				7E87B3EC1FA2EDCF008C391C /* TLAppDelegate.m */,
				7E87B3FA1FA2EDCF008C391C /* main.m */,
				7E87B3F91FA2EDCF008C391C /* Info.plist */,
				7E87B3F41FA2EDCF008C391C /* Assets.xcassets */,
				7E87B3F61FA2EDCF008C391C /* LaunchScreen.storyboard */,
			);
			path = Application;
			sourceTree = "<group>";
		};
		7E54392C1FA96F8C00AF27FD /* Loading */ = {
			isa = PBXGroup;
			children = (
				7E54392D1FA96FB200AF27FD /* TLLoadingAnimationViewController.h */,
				7E54392E1FA96FB200AF27FD /* TLLoadingAnimationViewController.m */,
				7E5439301FA970AB00AF27FD /* UIView+TLEmptyStatus.h */,
				7E5439311FA970AB00AF27FD /* UIView+TLEmptyStatus.m */,
			);
			path = Loading;
			sourceTree = "<group>";
		};
		7E87B3DF1FA2EDCF008C391C = {
			isa = PBXGroup;
			children = (
				7E87B3EA1FA2EDCF008C391C /* TLSurveyLottie */,
				7E87B4031FA2EDCF008C391C /* TLSurveyLottieTests */,
				7E87B40E1FA2EDD0008C391C /* TLSurveyLottieUITests */,
				7E87B3E91FA2EDCF008C391C /* Products */,
				C54B5D3AC106EBF831ED5CB3 /* Pods */,
				C66FB07C262C7E3FC3AAF221 /* Frameworks */,
			);
			sourceTree = "<group>";
		};
		7E87B3E91FA2EDCF008C391C /* Products */ = {
			isa = PBXGroup;
			children = (
				7E87B3E81FA2EDCF008C391C /* TLSurveyLottie.app */,
				7E87B4001FA2EDCF008C391C /* TLSurveyLottieTests.xctest */,
				7E87B40B1FA2EDD0008C391C /* TLSurveyLottieUITests.xctest */,
			);
			name = Products;
			sourceTree = "<group>";
		};
		7E87B3EA1FA2EDCF008C391C /* TLSurveyLottie */ = {
			isa = PBXGroup;
			children = (
				7E54392B1FA96D4A00AF27FD /* Application */,
				7E54392A1FA96C2D00AF27FD /* Animations */,
				7ED76B601FA6FA36000B8DEF /* Modules */,
				7ED76B5B1FA6F5DD000B8DEF /* TLPrefix */,
				7ED76B571FA6F372000B8DEF /* TLCategory */,
				7ED76A8E1FA3162D000B8DEF /* Resources */,
			);
			path = TLSurveyLottie;
			sourceTree = "<group>";
		};
		7E87B4031FA2EDCF008C391C /* TLSurveyLottieTests */ = {
			isa = PBXGroup;
			children = (
				7E87B4041FA2EDCF008C391C /* TLSurveyLottieTests.m */,
				7E87B4061FA2EDCF008C391C /* Info.plist */,
			);
			path = TLSurveyLottieTests;
			sourceTree = "<group>";
		};
		7E87B40E1FA2EDD0008C391C /* TLSurveyLottieUITests */ = {
			isa = PBXGroup;
			children = (
				7E87B40F1FA2EDD0008C391C /* TLSurveyLottieUITests.m */,
				7E87B4111FA2EDD0008C391C /* Info.plist */,
			);
			path = TLSurveyLottieUITests;
			sourceTree = "<group>";
		};
		7ED76A841FA31391000B8DEF /* Explorer */ = {
			isa = PBXGroup;
			children = (
				7ED76A851FA313AA000B8DEF /* TLAnimationExplorerViewController.h */,
				7ED76A861FA313AA000B8DEF /* TLAnimationExplorerViewController.m */,
				7ED76A881FA314D7000B8DEF /* TLJSONExplorerViewController.h */,
				7ED76A891FA314D7000B8DEF /* TLJSONExplorerViewController.m */,
				7ED76A8B1FA314E9000B8DEF /* TLQRScannerViewController.h */,
				7ED76A8C1FA314E9000B8DEF /* TLQRScannerViewController.m */,
			);
			path = Explorer;
			sourceTree = "<group>";
		};
		7ED76A8E1FA3162D000B8DEF /* Resources */ = {
			isa = PBXGroup;
			children = (
				7E5438911FA9622600AF27FD /* Animation0 */,
				7E5438841FA9622600AF27FD /* AnimationControl */,
				7E5438BF1FA9622700AF27FD /* AnimationGuide */,
				7E5438A01FA9622700AF27FD /* AnimationLetter */,
			);
			path = Resources;
			sourceTree = "<group>";
		};
		7ED76AE81FA32139000B8DEF /* Keyboard */ = {
			isa = PBXGroup;
			children = (
				7ED76AF81FA3287C000B8DEF /* TLAnimatedTextField.h */,
				7ED76AF71FA3287C000B8DEF /* TLAnimatedTextField.m */,
				7ED76AF61FA3287C000B8DEF /* TLAnimationKeyboardViewController.h */,
				7ED76AF91FA3287D000B8DEF /* TLAnimationKeyboardViewController.m */,
			);
			path = Keyboard;
			sourceTree = "<group>";
		};
		7ED76AFE1FA331E7000B8DEF /* Transition */ = {
			isa = PBXGroup;
			children = (
				7ED76B001FA3321A000B8DEF /* TLAnimationTransitionViewController.h */,
				7ED76B011FA3321A000B8DEF /* TLAnimationTransitionViewController.m */,
				7ED76B061FA3333D000B8DEF /* TLCloseAnimationViewController.h */,
				7ED76B071FA3333D000B8DEF /* TLCloseAnimationViewController.m */,
			);
			path = Transition;
			sourceTree = "<group>";
		};
		7ED76AFF1FA331EC000B8DEF /* UIControls */ = {
			isa = PBXGroup;
			children = (
				7ED76B031FA33238000B8DEF /* TLAnimationUIControlsViewController.h */,
				7ED76B041FA33238000B8DEF /* TLAnimationUIControlsViewController.m */,
			);
			path = UIControls;
			sourceTree = "<group>";
		};
		7ED76B531FA6D5D0000B8DEF /* Guide */ = {
			isa = PBXGroup;
			children = (
				7ED76B541FA6D5F4000B8DEF /* TLGuideViewController.h */,
				7ED76B551FA6D5F4000B8DEF /* TLGuideViewController.m */,
			);
			path = Guide;
			sourceTree = "<group>";
		};
		7ED76B571FA6F372000B8DEF /* TLCategory */ = {
			isa = PBXGroup;
			children = (
				7ED76B581FA6F399000B8DEF /* NSObject+TLExtension.h */,
				7ED76B591FA6F399000B8DEF /* NSObject+TLExtension.m */,
				7ED76B711FA6FD17000B8DEF /* NSDate+TLExtension.h */,
				7ED76B721FA6FD17000B8DEF /* NSDate+TLExtension.m */,
				7ED76B741FA6FD86000B8DEF /* NSDateFormatter+TLExtension.h */,
				7ED76B751FA6FD86000B8DEF /* NSDateFormatter+TLExtension.m */,
				7ED76B771FA6FDBF000B8DEF /* UIBarButtonItem+TLExtension.h */,
				7ED76B781FA6FDBF000B8DEF /* UIBarButtonItem+TLExtension.m */,
				7ED76B7A1FA6FDF6000B8DEF /* UIImage+TLExtension.h */,
				7ED76B7B1FA6FDF6000B8DEF /* UIImage+TLExtension.m */,
				7ED76B7D1FA6FE30000B8DEF /* UIView+TLExtension.h */,
				7ED76B7E1FA6FE30000B8DEF /* UIView+TLExtension.m */,
			);
			path = TLCategory;
			sourceTree = "<group>";
		};
		7ED76B5B1FA6F5DD000B8DEF /* TLPrefix */ = {
			isa = PBXGroup;
			children = (
				7ED76A801FA2FAC6000B8DEF /* TLSurveyLottie-Prefix.pch */,
				7ED76B5E1FA6F696000B8DEF /* TLConst.h */,
				7ED76B5D1FA6F622000B8DEF /* TLHeaderFile.h */,
				7ED76B5F1FA6F6AC000B8DEF /* TLMacroTool.h */,
			);
			path = TLPrefix;
			sourceTree = "<group>";
		};
		7ED76B601FA6FA36000B8DEF /* Modules */ = {
			isa = PBXGroup;
			children = (
				7ED76B6D1FA6FC1E000B8DEF /* Base */,
				7ED76B531FA6D5D0000B8DEF /* Guide */,
				7ED76B631FA6FAC9000B8DEF /* Home */,
				7ED76B611FA6FAB7000B8DEF /* Advanced */,
				7ED76B621FA6FAC2000B8DEF /* Profile */,
			);
			path = Modules;
			sourceTree = "<group>";
		};
		7ED76B611FA6FAB7000B8DEF /* Advanced */ = {
			isa = PBXGroup;
			children = (
				7ED76B671FA6FB03000B8DEF /* TLAdvancedViewController.h */,
				7ED76B681FA6FB03000B8DEF /* TLAdvancedViewController.m */,
			);
			path = Advanced;
			sourceTree = "<group>";
		};
		7ED76B621FA6FAC2000B8DEF /* Profile */ = {
			isa = PBXGroup;
			children = (
				7ED76B6A1FA6FB12000B8DEF /* TLProfileViewController.h */,
				7ED76B6B1FA6FB12000B8DEF /* TLProfileViewController.m */,
			);
			path = Profile;
			sourceTree = "<group>";
		};
		7ED76B631FA6FAC9000B8DEF /* Home */ = {
			isa = PBXGroup;
			children = (
				7ED76B811FA70BD2000B8DEF /* Controller */,
				7ED76B801FA70BC8000B8DEF /* View */,
			);
			path = Home;
			sourceTree = "<group>";
		};
		7ED76B6D1FA6FC1E000B8DEF /* Base */ = {
			isa = PBXGroup;
			children = (
				7ED76B6E1FA6FC43000B8DEF /* TLNavigationController.h */,
				7ED76B6F1FA6FC43000B8DEF /* TLNavigationController.m */,
			);
			path = Base;
			sourceTree = "<group>";
		};
		7ED76B801FA70BC8000B8DEF /* View */ = {
			isa = PBXGroup;
			children = (
				7ED76B821FA70C08000B8DEF /* TLZoomCycleImageView.h */,
				7ED76B831FA70C08000B8DEF /* TLZoomCycleImageView.m */,
				7ED76B851FA70C5A000B8DEF /* TLZoomCycleImageCell.h */,
				7ED76B861FA70C5A000B8DEF /* TLZoomCycleImageCell.m */,
			);
			path = View;
			sourceTree = "<group>";
		};
		7ED76B811FA70BD2000B8DEF /* Controller */ = {
			isa = PBXGroup;
			children = (
				7ED76B641FA6FAEF000B8DEF /* TLHomeViewController.h */,
				7ED76B651FA6FAEF000B8DEF /* TLHomeViewController.m */,
			);
			path = Controller;
			sourceTree = "<group>";
		};
		7ED76BFB1FA95795000B8DEF /* Refresh */ = {
			isa = PBXGroup;
			children = (
				7ED76BFC1FA95920000B8DEF /* TLAnimationRefreshHeader.h */,
				7ED76BFD1FA95920000B8DEF /* TLAnimationRefreshHeader.m */,
				7ED76BFF1FA95A53000B8DEF /* TLAnimationRefreshFooter.h */,
				7ED76C001FA95A53000B8DEF /* TLAnimationRefreshFooter.m */,
			);
			path = Refresh;
			sourceTree = "<group>";
		};
		C54B5D3AC106EBF831ED5CB3 /* Pods */ = {
			isa = PBXGroup;
			children = (
				1C0FD38ABCBE85715CCB3824 /* Pods-TLSurveyLottie.debug.xcconfig */,
				BB1A63B3FFC9FA695629B457 /* Pods-TLSurveyLottie.release.xcconfig */,
			);
			name = Pods;
			sourceTree = "<group>";
		};
		C66FB07C262C7E3FC3AAF221 /* Frameworks */ = {
			isa = PBXGroup;
			children = (
				7ED76B0A1FA36F57000B8DEF /* Lottie.framework */,
				7ED76AFC1FA33097000B8DEF /* MobileCoreServices.framework */,
				7ED76AF41FA3263F000B8DEF /* CoreGraphics.framework */,
				7ED76AF21FA32628000B8DEF /* AVFoundation.framework */,
				644907A6799B797BB6788B1B /* Pods_TLSurveyLottie.framework */,
			);
			name = Frameworks;
			sourceTree = "<group>";
		};
/* End PBXGroup section */

/* Begin PBXNativeTarget section */
		7E87B3E71FA2EDCF008C391C /* TLSurveyLottie */ = {
			isa = PBXNativeTarget;
			buildConfigurationList = 7E87B4141FA2EDD0008C391C /* Build configuration list for PBXNativeTarget "TLSurveyLottie" */;
			buildPhases = (
				4ED696D5AEC84DBB83826876 /* [CP] Check Pods Manifest.lock */,
				7E87B3E41FA2EDCF008C391C /* Sources */,
				7E87B3E51FA2EDCF008C391C /* Frameworks */,
				7E87B3E61FA2EDCF008C391C /* Resources */,
				E0BB1E80B0AEC1F7085E9F5F /* [CP] Embed Pods Frameworks */,
				AF24D35E2CA4F42F5EE0F067 /* [CP] Copy Pods Resources */,
			);
			buildRules = (
			);
			dependencies = (
			);
			name = TLSurveyLottie;
			productName = TLSurveyLottie;
			productReference = 7E87B3E81FA2EDCF008C391C /* TLSurveyLottie.app */;
			productType = "com.apple.product-type.application";
		};
		7E87B3FF1FA2EDCF008C391C /* TLSurveyLottieTests */ = {
			isa = PBXNativeTarget;
			buildConfigurationList = 7E87B4171FA2EDD0008C391C /* Build configuration list for PBXNativeTarget "TLSurveyLottieTests" */;
			buildPhases = (
				7E87B3FC1FA2EDCF008C391C /* Sources */,
				7E87B3FD1FA2EDCF008C391C /* Frameworks */,
				7E87B3FE1FA2EDCF008C391C /* Resources */,
			);
			buildRules = (
			);
			dependencies = (
				7E87B4021FA2EDCF008C391C /* PBXTargetDependency */,
			);
			name = TLSurveyLottieTests;
			productName = TLSurveyLottieTests;
			productReference = 7E87B4001FA2EDCF008C391C /* TLSurveyLottieTests.xctest */;
			productType = "com.apple.product-type.bundle.unit-test";
		};
		7E87B40A1FA2EDD0008C391C /* TLSurveyLottieUITests */ = {
			isa = PBXNativeTarget;
			buildConfigurationList = 7E87B41A1FA2EDD0008C391C /* Build configuration list for PBXNativeTarget "TLSurveyLottieUITests" */;
			buildPhases = (
				7E87B4071FA2EDD0008C391C /* Sources */,
				7E87B4081FA2EDD0008C391C /* Frameworks */,
				7E87B4091FA2EDD0008C391C /* Resources */,
			);
			buildRules = (
			);
			dependencies = (
				7E87B40D1FA2EDD0008C391C /* PBXTargetDependency */,
			);
			name = TLSurveyLottieUITests;
			productName = TLSurveyLottieUITests;
			productReference = 7E87B40B1FA2EDD0008C391C /* TLSurveyLottieUITests.xctest */;
			productType = "com.apple.product-type.bundle.ui-testing";
		};
/* End PBXNativeTarget section */

/* Begin PBXProject section */
		7E87B3E01FA2EDCF008C391C /* Project object */ = {
			isa = PBXProject;
			attributes = {
				CLASSPREFIX = TL;
				LastUpgradeCheck = 0900;
				ORGANIZATIONNAME = lichuanjun;
				TargetAttributes = {
					7E87B3E71FA2EDCF008C391C = {
						CreatedOnToolsVersion = 9.0.1;
						ProvisioningStyle = Automatic;
					};
					7E87B3FF1FA2EDCF008C391C = {
						CreatedOnToolsVersion = 9.0.1;
						ProvisioningStyle = Automatic;
						TestTargetID = 7E87B3E71FA2EDCF008C391C;
					};
					7E87B40A1FA2EDD0008C391C = {
						CreatedOnToolsVersion = 9.0.1;
						ProvisioningStyle = Automatic;
						TestTargetID = 7E87B3E71FA2EDCF008C391C;
					};
				};
			};
			buildConfigurationList = 7E87B3E31FA2EDCF008C391C /* Build configuration list for PBXProject "TLSurveyLottie" */;
			compatibilityVersion = "Xcode 8.0";
			developmentRegion = en;
			hasScannedForEncodings = 0;
			knownRegions = (
				en,
				Base,
			);
			mainGroup = 7E87B3DF1FA2EDCF008C391C;
			productRefGroup = 7E87B3E91FA2EDCF008C391C /* Products */;
			projectDirPath = "";
			projectRoot = "";
			targets = (
				7E87B3E71FA2EDCF008C391C /* TLSurveyLottie */,
				7E87B3FF1FA2EDCF008C391C /* TLSurveyLottieTests */,
				7E87B40A1FA2EDD0008C391C /* TLSurveyLottieUITests */,
			);
		};
/* End PBXProject section */

/* Begin PBXResourcesBuildPhase section */
		7E87B3E61FA2EDCF008C391C /* Resources */ = {
			isa = PBXResourcesBuildPhase;
			buildActionMask = 2147483647;
			files = (
				7E54390A1FA9622700AF27FD /* R.json in Resources */,
				7E5439151FA9622700AF27FD /* GuidePage1img_2.png in Resources */,
				7E5438FE1FA9622700AF27FD /* F.json in Resources */,
				7E5438E51FA9622700AF27FD /* vcTransition1.json in Resources */,
				7E5439141FA9622700AF27FD /* GuidePage1img_1.png in Resources */,
				7E5438EE1FA9622700AF27FD /* PinJump.json in Resources */,
				7E5438FC1FA9622700AF27FD /* D.json in Resources */,
				7E54391D1FA9622700AF27FD /* GuidePage3img_2.png in Resources */,
				7E5439231FA9622700AF27FD /* img_1.png in Resources */,
				7E5438E01FA9622700AF27FD /* Play-Pause.json in Resources */,
				7E5439011FA9622700AF27FD /* I.json in Resources */,
				7E5438E31FA9622700AF27FD /* RefreshHeaderAnim.json in Resources */,
				7E54390B1FA9622700AF27FD /* S.json in Resources */,
				7E5438FD1FA9622700AF27FD /* E.json in Resources */,
				7E5439121FA9622700AF27FD /* Z.json in Resources */,
				7E54390F1FA9622700AF27FD /* W.json in Resources */,
				7E5439091FA9622700AF27FD /* Q.json in Resources */,
				7E5439021FA9622700AF27FD /* J.json in Resources */,
				7E54391B1FA9622700AF27FD /* GuidePage3img_0.png in Resources */,
				7E54391A1FA9622700AF27FD /* GuidePage2.json in Resources */,
				7E5439031FA9622700AF27FD /* K.json in Resources */,
				7E5439041FA9622700AF27FD /* L.json in Resources */,
				7E5438F71FA9622700AF27FD /* B.json in Resources */,
				7E5439191FA9622700AF27FD /* GuidePage2img_1.png in Resources */,
				7E5438E81FA9622700AF27FD /* HamburgerArrow.json in Resources */,
				7E5438E11FA9622700AF27FD /* RectComp.json in Resources */,
				7E5439081FA9622700AF27FD /* P.json in Resources */,
				7E5438F81FA9622700AF27FD /* BlinkingCursor.json in Resources */,
				7E5438DD1FA9622700AF27FD /* HappyBirthday.json in Resources */,
				7E54390E1FA9622700AF27FD /* V.json in Resources */,
				7E5439101FA9622700AF27FD /* X.json in Resources */,
				7E5438F01FA9622700AF27FD /* Switch_States.json in Resources */,
				7E5438EB1FA9622700AF27FD /* LottieLogo1_masked.json in Resources */,
				7E5438F41FA9622700AF27FD /* Watermelon.json in Resources */,
				7E5438E91FA9622700AF27FD /* IconTransitions.json in Resources */,
				7E5439051FA9622700AF27FD /* M.json in Resources */,
				7E5438EC1FA9622700AF27FD /* LottieLogo2.json in Resources */,
				7E54390C1FA9622700AF27FD /* T.json in Resources */,
				7E5438DB1FA9622700AF27FD /* Edit.json in Resources */,
				7E5438DE1FA9622700AF27FD /* Loading.json in Resources */,
				7E5438F21FA9622700AF27FD /* vcTransition1.json in Resources */,
				7E5439071FA9622700AF27FD /* O.json in Resources */,
				7E5439251FA9622700AF27FD /* img_3.png in Resources */,
				7E54390D1FA9622700AF27FD /* U.json in Resources */,
				7E5438E21FA9622700AF27FD /* RefreshFooterAnim.json in Resources */,
				7E5439161FA9622700AF27FD /* GuidePage1img_3.png in Resources */,
				7E5438FB1FA9622700AF27FD /* Comma.json in Resources */,
				7E5438EF1FA9622700AF27FD /* Switch.json in Resources */,
				7E5439111FA9622700AF27FD /* Y.json in Resources */,
				7E5439131FA9622700AF27FD /* GuidePage1img_0.png in Resources */,
				7E5438F91FA9622700AF27FD /* C.json in Resources */,
				7E5438F31FA9622700AF27FD /* vcTransition2.json in Resources */,
				7E5439061FA9622700AF27FD /* N.json in Resources */,
				7E5439181FA9622700AF27FD /* GuidePage2img_0.png in Resources */,
				7E5438E61FA9622700AF27FD /* vcTransition2.json in Resources */,
				7E5438FF1FA9622700AF27FD /* G.json in Resources */,
				7E54391C1FA9622700AF27FD /* GuidePage3img_1.png in Resources */,
				7E5438F51FA9622700AF27FD /* A.json in Resources */,
				7E87B3F81FA2EDCF008C391C /* LaunchScreen.storyboard in Resources */,
				7E5438F11FA9622700AF27FD /* TwitterHeart.json in Resources */,
				7E5439271FA9639800AF27FD /* Launch.json in Resources */,
				7E5439171FA9622700AF27FD /* GuidePage1.json in Resources */,
				7E5439291FA963D100AF27FD /* SwitchControl.json in Resources */,
				7E5439221FA9622700AF27FD /* img_0.png in Resources */,
				7E5439001FA9622700AF27FD /* H.json in Resources */,
				7E5438F61FA9622700AF27FD /* Apostrophe.json in Resources */,
				7E5439201FA9622700AF27FD /* GuidePage3.json in Resources */,
				7E5438DF1FA9622700AF27FD /* LottieLogo.json in Resources */,
				7E5438ED1FA9622700AF27FD /* MotionCorpse-Jrcanest.json in Resources */,
				7E5438EA1FA9622700AF27FD /* LottieLogo1.json in Resources */,
				7E54391F1FA9622700AF27FD /* GuidePage3img_4.png in Resources */,
				7E5438E71FA9622700AF27FD /* 9squares-AlBoardman.json in Resources */,
				7E5439241FA9622700AF27FD /* img_2.png in Resources */,
				7E5438FA1FA9622700AF27FD /* Colon.json in Resources */,
				7E54391E1FA9622700AF27FD /* GuidePage3img_3.png in Resources */,
				7E87B3F51FA2EDCF008C391C /* Assets.xcassets in Resources */,
				7E5438DC1FA9622700AF27FD /* EmptyStatus.json in Resources */,
			);
			runOnlyForDeploymentPostprocessing = 0;
		};
		7E87B3FE1FA2EDCF008C391C /* Resources */ = {
			isa = PBXResourcesBuildPhase;
			buildActionMask = 2147483647;
			files = (
			);
			runOnlyForDeploymentPostprocessing = 0;
		};
		7E87B4091FA2EDD0008C391C /* Resources */ = {
			isa = PBXResourcesBuildPhase;
			buildActionMask = 2147483647;
			files = (
			);
			runOnlyForDeploymentPostprocessing = 0;
		};
/* End PBXResourcesBuildPhase section */

/* Begin PBXShellScriptBuildPhase section */
		4ED696D5AEC84DBB83826876 /* [CP] Check Pods Manifest.lock */ = {
			isa = PBXShellScriptBuildPhase;
			buildActionMask = 2147483647;
			files = (
			);
			inputPaths = (
				"${PODS_PODFILE_DIR_PATH}/Podfile.lock",
				"${PODS_ROOT}/Manifest.lock",
			);
			name = "[CP] Check Pods Manifest.lock";
			outputPaths = (
				"$(DERIVED_FILE_DIR)/Pods-TLSurveyLottie-checkManifestLockResult.txt",
			);
			runOnlyForDeploymentPostprocessing = 0;
			shellPath = /bin/sh;
			shellScript = "diff \"${PODS_PODFILE_DIR_PATH}/Podfile.lock\" \"${PODS_ROOT}/Manifest.lock\" > /dev/null\nif [ $? != 0 ] ; then\n    # print error to STDERR\n    echo \"error: The sandbox is not in sync with the Podfile.lock. Run 'pod install' or update your CocoaPods installation.\" >&2\n    exit 1\nfi\n# This output is used by Xcode 'outputs' to avoid re-running this script phase.\necho \"SUCCESS\" > \"${SCRIPT_OUTPUT_FILE_0}\"\n";
			showEnvVarsInLog = 0;
		};
		AF24D35E2CA4F42F5EE0F067 /* [CP] Copy Pods Resources */ = {
			isa = PBXShellScriptBuildPhase;
			buildActionMask = 2147483647;
			files = (
			);
			inputPaths = (
			);
			name = "[CP] Copy Pods Resources";
			outputPaths = (
			);
			runOnlyForDeploymentPostprocessing = 0;
			shellPath = /bin/sh;
			shellScript = "\"${SRCROOT}/Pods/Target Support Files/Pods-TLSurveyLottie/Pods-TLSurveyLottie-resources.sh\"\n";
			showEnvVarsInLog = 0;
		};
		E0BB1E80B0AEC1F7085E9F5F /* [CP] Embed Pods Frameworks */ = {
			isa = PBXShellScriptBuildPhase;
			buildActionMask = 2147483647;
			files = (
			);
			inputPaths = (
				"${SRCROOT}/Pods/Target Support Files/Pods-TLSurveyLottie/Pods-TLSurveyLottie-frameworks.sh",
				"${BUILT_PRODUCTS_DIR}/Aspects/Aspects.framework",
				"${BUILT_PRODUCTS_DIR}/MBProgressHUD/MBProgressHUD.framework",
				"${BUILT_PRODUCTS_DIR}/MJRefresh/MJRefresh.framework",
				"${BUILT_PRODUCTS_DIR}/Mantle/Mantle.framework",
				"${BUILT_PRODUCTS_DIR}/Masonry/Masonry.framework",
				"${BUILT_PRODUCTS_DIR}/lottie-ios/Lottie.framework",
			);
			name = "[CP] Embed Pods Frameworks";
			outputPaths = (
				"${TARGET_BUILD_DIR}/${FRAMEWORKS_FOLDER_PATH}/Aspects.framework",
				"${TARGET_BUILD_DIR}/${FRAMEWORKS_FOLDER_PATH}/MBProgressHUD.framework",
				"${TARGET_BUILD_DIR}/${FRAMEWORKS_FOLDER_PATH}/MJRefresh.framework",
				"${TARGET_BUILD_DIR}/${FRAMEWORKS_FOLDER_PATH}/Mantle.framework",
				"${TARGET_BUILD_DIR}/${FRAMEWORKS_FOLDER_PATH}/Masonry.framework",
				"${TARGET_BUILD_DIR}/${FRAMEWORKS_FOLDER_PATH}/Lottie.framework",
			);
			runOnlyForDeploymentPostprocessing = 0;
			shellPath = /bin/sh;
			shellScript = "\"${SRCROOT}/Pods/Target Support Files/Pods-TLSurveyLottie/Pods-TLSurveyLottie-frameworks.sh\"\n";
			showEnvVarsInLog = 0;
		};
/* End PBXShellScriptBuildPhase section */

/* Begin PBXSourcesBuildPhase section */
		7E87B3E41FA2EDCF008C391C /* Sources */ = {
			isa = PBXSourcesBuildPhase;
			buildActionMask = 2147483647;
			files = (
				7ED76C011FA95A53000B8DEF /* TLAnimationRefreshFooter.m in Sources */,
				7ED76B081FA3333D000B8DEF /* TLCloseAnimationViewController.m in Sources */,
				7ED76B7F1FA6FE30000B8DEF /* UIView+TLExtension.m in Sources */,
				7ED76A8A1FA314D7000B8DEF /* TLJSONExplorerViewController.m in Sources */,
				7ED76B871FA70C5A000B8DEF /* TLZoomCycleImageCell.m in Sources */,
				7ED76B661FA6FAEF000B8DEF /* TLHomeViewController.m in Sources */,
				7ED76BFE1FA95920000B8DEF /* TLAnimationRefreshHeader.m in Sources */,
				7ED76B6C1FA6FB12000B8DEF /* TLProfileViewController.m in Sources */,
				7ED76B561FA6D5F4000B8DEF /* TLGuideViewController.m in Sources */,
				7ED76B791FA6FDBF000B8DEF /* UIBarButtonItem+TLExtension.m in Sources */,
				7ED76B731FA6FD17000B8DEF /* NSDate+TLExtension.m in Sources */,
				7E5439321FA970AB00AF27FD /* UIView+TLEmptyStatus.m in Sources */,
				7ED76B691FA6FB03000B8DEF /* TLAdvancedViewController.m in Sources */,
				7ED76A8D1FA314E9000B8DEF /* TLQRScannerViewController.m in Sources */,
				7ED76AFA1FA3287D000B8DEF /* TLAnimatedTextField.m in Sources */,
				7ED76B5A1FA6F399000B8DEF /* NSObject+TLExtension.m in Sources */,
				7E87B3FB1FA2EDCF008C391C /* main.m in Sources */,
				7ED76AFB1FA3287D000B8DEF /* TLAnimationKeyboardViewController.m in Sources */,
				7ED76B761FA6FD86000B8DEF /* NSDateFormatter+TLExtension.m in Sources */,
				7ED76A871FA313AA000B8DEF /* TLAnimationExplorerViewController.m in Sources */,
				7ED76B021FA3321A000B8DEF /* TLAnimationTransitionViewController.m in Sources */,
				7E54392F1FA96FB200AF27FD /* TLLoadingAnimationViewController.m in Sources */,
				7E87B3ED1FA2EDCF008C391C /* TLAppDelegate.m in Sources */,
				7ED76B701FA6FC43000B8DEF /* TLNavigationController.m in Sources */,
				7ED76B7C1FA6FDF6000B8DEF /* UIImage+TLExtension.m in Sources */,
				7ED76B841FA70C08000B8DEF /* TLZoomCycleImageView.m in Sources */,
				7ED76B051FA33238000B8DEF /* TLAnimationUIControlsViewController.m in Sources */,
			);
			runOnlyForDeploymentPostprocessing = 0;
		};
		7E87B3FC1FA2EDCF008C391C /* Sources */ = {
			isa = PBXSourcesBuildPhase;
			buildActionMask = 2147483647;
			files = (
				7E87B4051FA2EDCF008C391C /* TLSurveyLottieTests.m in Sources */,
			);
			runOnlyForDeploymentPostprocessing = 0;
		};
		7E87B4071FA2EDD0008C391C /* Sources */ = {
			isa = PBXSourcesBuildPhase;
			buildActionMask = 2147483647;
			files = (
				7E87B4101FA2EDD0008C391C /* TLSurveyLottieUITests.m in Sources */,
			);
			runOnlyForDeploymentPostprocessing = 0;
		};
/* End PBXSourcesBuildPhase section */

/* Begin PBXTargetDependency section */
		7E87B4021FA2EDCF008C391C /* PBXTargetDependency */ = {
			isa = PBXTargetDependency;
			target = 7E87B3E71FA2EDCF008C391C /* TLSurveyLottie */;
			targetProxy = 7E87B4011FA2EDCF008C391C /* PBXContainerItemProxy */;
		};
		7E87B40D1FA2EDD0008C391C /* PBXTargetDependency */ = {
			isa = PBXTargetDependency;
			target = 7E87B3E71FA2EDCF008C391C /* TLSurveyLottie */;
			targetProxy = 7E87B40C1FA2EDD0008C391C /* PBXContainerItemProxy */;
		};
/* End PBXTargetDependency section */

/* Begin PBXVariantGroup section */
		7E87B3F61FA2EDCF008C391C /* LaunchScreen.storyboard */ = {
			isa = PBXVariantGroup;
			children = (
				7E87B3F71FA2EDCF008C391C /* Base */,
			);
			name = LaunchScreen.storyboard;
			sourceTree = "<group>";
		};
/* End PBXVariantGroup section */

/* Begin XCBuildConfiguration section */
		7E87B4121FA2EDD0008C391C /* Debug */ = {
			isa = XCBuildConfiguration;
			buildSettings = {
				ALWAYS_SEARCH_USER_PATHS = NO;
				CLANG_ANALYZER_NONNULL = YES;
				CLANG_ANALYZER_NUMBER_OBJECT_CONVERSION = YES_AGGRESSIVE;
				CLANG_CXX_LANGUAGE_STANDARD = "gnu++14";
				CLANG_CXX_LIBRARY = "libc++";
				CLANG_ENABLE_MODULES = YES;
				CLANG_ENABLE_OBJC_ARC = YES;
				CLANG_WARN_BLOCK_CAPTURE_AUTORELEASING = YES;
				CLANG_WARN_BOOL_CONVERSION = YES;
				CLANG_WARN_COMMA = YES;
				CLANG_WARN_CONSTANT_CONVERSION = YES;
				CLANG_WARN_DIRECT_OBJC_ISA_USAGE = YES_ERROR;
				CLANG_WARN_DOCUMENTATION_COMMENTS = YES;
				CLANG_WARN_EMPTY_BODY = YES;
				CLANG_WARN_ENUM_CONVERSION = YES;
				CLANG_WARN_INFINITE_RECURSION = YES;
				CLANG_WARN_INT_CONVERSION = YES;
				CLANG_WARN_NON_LITERAL_NULL_CONVERSION = YES;
				CLANG_WARN_OBJC_LITERAL_CONVERSION = YES;
				CLANG_WARN_OBJC_ROOT_CLASS = YES_ERROR;
				CLANG_WARN_RANGE_LOOP_ANALYSIS = YES;
				CLANG_WARN_STRICT_PROTOTYPES = YES;
				CLANG_WARN_SUSPICIOUS_MOVE = YES;
				CLANG_WARN_UNGUARDED_AVAILABILITY = YES_AGGRESSIVE;
				CLANG_WARN_UNREACHABLE_CODE = YES;
				CLANG_WARN__DUPLICATE_METHOD_MATCH = YES;
				CODE_SIGN_IDENTITY = "iPhone Developer";
				COPY_PHASE_STRIP = NO;
				DEBUG_INFORMATION_FORMAT = dwarf;
				ENABLE_STRICT_OBJC_MSGSEND = YES;
				ENABLE_TESTABILITY = YES;
				GCC_C_LANGUAGE_STANDARD = gnu11;
				GCC_DYNAMIC_NO_PIC = NO;
				GCC_NO_COMMON_BLOCKS = YES;
				GCC_OPTIMIZATION_LEVEL = 0;
				GCC_PREPROCESSOR_DEFINITIONS = (
					"DEBUG=1",
					"$(inherited)",
				);
				GCC_WARN_64_TO_32_BIT_CONVERSION = YES;
				GCC_WARN_ABOUT_RETURN_TYPE = YES_ERROR;
				GCC_WARN_UNDECLARED_SELECTOR = YES;
				GCC_WARN_UNINITIALIZED_AUTOS = YES_AGGRESSIVE;
				GCC_WARN_UNUSED_FUNCTION = YES;
				GCC_WARN_UNUSED_VARIABLE = YES;
				IPHONEOS_DEPLOYMENT_TARGET = 8.1;
				MTL_ENABLE_DEBUG_INFO = YES;
				ONLY_ACTIVE_ARCH = YES;
				SDKROOT = iphoneos;
			};
			name = Debug;
		};
		7E87B4131FA2EDD0008C391C /* Release */ = {
			isa = XCBuildConfiguration;
			buildSettings = {
				ALWAYS_SEARCH_USER_PATHS = NO;
				CLANG_ANALYZER_NONNULL = YES;
				CLANG_ANALYZER_NUMBER_OBJECT_CONVERSION = YES_AGGRESSIVE;
				CLANG_CXX_LANGUAGE_STANDARD = "gnu++14";
				CLANG_CXX_LIBRARY = "libc++";
				CLANG_ENABLE_MODULES = YES;
				CLANG_ENABLE_OBJC_ARC = YES;
				CLANG_WARN_BLOCK_CAPTURE_AUTORELEASING = YES;
				CLANG_WARN_BOOL_CONVERSION = YES;
				CLANG_WARN_COMMA = YES;
				CLANG_WARN_CONSTANT_CONVERSION = YES;
				CLANG_WARN_DIRECT_OBJC_ISA_USAGE = YES_ERROR;
				CLANG_WARN_DOCUMENTATION_COMMENTS = YES;
				CLANG_WARN_EMPTY_BODY = YES;
				CLANG_WARN_ENUM_CONVERSION = YES;
				CLANG_WARN_INFINITE_RECURSION = YES;
				CLANG_WARN_INT_CONVERSION = YES;
				CLANG_WARN_NON_LITERAL_NULL_CONVERSION = YES;
				CLANG_WARN_OBJC_LITERAL_CONVERSION = YES;
				CLANG_WARN_OBJC_ROOT_CLASS = YES_ERROR;
				CLANG_WARN_RANGE_LOOP_ANALYSIS = YES;
				CLANG_WARN_STRICT_PROTOTYPES = YES;
				CLANG_WARN_SUSPICIOUS_MOVE = YES;
				CLANG_WARN_UNGUARDED_AVAILABILITY = YES_AGGRESSIVE;
				CLANG_WARN_UNREACHABLE_CODE = YES;
				CLANG_WARN__DUPLICATE_METHOD_MATCH = YES;
				CODE_SIGN_IDENTITY = "iPhone Developer";
				COPY_PHASE_STRIP = NO;
				DEBUG_INFORMATION_FORMAT = "dwarf-with-dsym";
				ENABLE_NS_ASSERTIONS = NO;
				ENABLE_STRICT_OBJC_MSGSEND = YES;
				GCC_C_LANGUAGE_STANDARD = gnu11;
				GCC_NO_COMMON_BLOCKS = YES;
				GCC_WARN_64_TO_32_BIT_CONVERSION = YES;
				GCC_WARN_ABOUT_RETURN_TYPE = YES_ERROR;
				GCC_WARN_UNDECLARED_SELECTOR = YES;
				GCC_WARN_UNINITIALIZED_AUTOS = YES_AGGRESSIVE;
				GCC_WARN_UNUSED_FUNCTION = YES;
				GCC_WARN_UNUSED_VARIABLE = YES;
				IPHONEOS_DEPLOYMENT_TARGET = 8.1;
				MTL_ENABLE_DEBUG_INFO = NO;
				SDKROOT = iphoneos;
				VALIDATE_PRODUCT = YES;
			};
			name = Release;
		};
		7E87B4151FA2EDD0008C391C /* Debug */ = {
			isa = XCBuildConfiguration;
			baseConfigurationReference = 1C0FD38ABCBE85715CCB3824 /* Pods-TLSurveyLottie.debug.xcconfig */;
			buildSettings = {
				ASSETCATALOG_COMPILER_APPICON_NAME = AppIcon;
				CLANG_CXX_LANGUAGE_STANDARD = "gnu++0x";
				CODE_SIGN_STYLE = Automatic;
				GCC_PRECOMPILE_PREFIX_HEADER = YES;
				GCC_PREFIX_HEADER = "$(SRCROOT)/TLSurveyLottie/TLPrefix/TLSurveyLottie-Prefix.pch";
				INFOPLIST_FILE = TLSurveyLottie/Application/Info.plist;
				IPHONEOS_DEPLOYMENT_TARGET = 8.1;
				LD_RUNPATH_SEARCH_PATHS = "$(inherited) @executable_path/Frameworks";
				PRODUCT_BUNDLE_IDENTIFIER = com.leecj.TLSurveyLottie;
				PRODUCT_NAME = "$(TARGET_NAME)";
				TARGETED_DEVICE_FAMILY = "1,2";
			};
			name = Debug;
		};
		7E87B4161FA2EDD0008C391C /* Release */ = {
			isa = XCBuildConfiguration;
			baseConfigurationReference = BB1A63B3FFC9FA695629B457 /* Pods-TLSurveyLottie.release.xcconfig */;
			buildSettings = {
				ASSETCATALOG_COMPILER_APPICON_NAME = AppIcon;
				CLANG_CXX_LANGUAGE_STANDARD = "gnu++0x";
				CODE_SIGN_STYLE = Automatic;
				GCC_PRECOMPILE_PREFIX_HEADER = YES;
				GCC_PREFIX_HEADER = "$(SRCROOT)/TLSurveyLottie/TLPrefix/TLSurveyLottie-Prefix.pch";
				INFOPLIST_FILE = TLSurveyLottie/Application/Info.plist;
				IPHONEOS_DEPLOYMENT_TARGET = 8.1;
				LD_RUNPATH_SEARCH_PATHS = "$(inherited) @executable_path/Frameworks";
				PRODUCT_BUNDLE_IDENTIFIER = com.leecj.TLSurveyLottie;
				PRODUCT_NAME = "$(TARGET_NAME)";
				TARGETED_DEVICE_FAMILY = "1,2";
			};
			name = Release;
		};
		7E87B4181FA2EDD0008C391C /* Debug */ = {
			isa = XCBuildConfiguration;
			buildSettings = {
				BUNDLE_LOADER = "$(TEST_HOST)";
				CODE_SIGN_STYLE = Automatic;
				INFOPLIST_FILE = TLSurveyLottieTests/Info.plist;
				LD_RUNPATH_SEARCH_PATHS = "$(inherited) @executable_path/Frameworks @loader_path/Frameworks";
				PRODUCT_BUNDLE_IDENTIFIER = com.leecj.TLSurveyLottieTests;
				PRODUCT_NAME = "$(TARGET_NAME)";
				TARGETED_DEVICE_FAMILY = "1,2";
				TEST_HOST = "$(BUILT_PRODUCTS_DIR)/TLSurveyLottie.app/TLSurveyLottie";
			};
			name = Debug;
		};
		7E87B4191FA2EDD0008C391C /* Release */ = {
			isa = XCBuildConfiguration;
			buildSettings = {
				BUNDLE_LOADER = "$(TEST_HOST)";
				CODE_SIGN_STYLE = Automatic;
				INFOPLIST_FILE = TLSurveyLottieTests/Info.plist;
				LD_RUNPATH_SEARCH_PATHS = "$(inherited) @executable_path/Frameworks @loader_path/Frameworks";
				PRODUCT_BUNDLE_IDENTIFIER = com.leecj.TLSurveyLottieTests;
				PRODUCT_NAME = "$(TARGET_NAME)";
				TARGETED_DEVICE_FAMILY = "1,2";
				TEST_HOST = "$(BUILT_PRODUCTS_DIR)/TLSurveyLottie.app/TLSurveyLottie";
			};
			name = Release;
		};
		7E87B41B1FA2EDD0008C391C /* Debug */ = {
			isa = XCBuildConfiguration;
			buildSettings = {
				CODE_SIGN_STYLE = Automatic;
				INFOPLIST_FILE = TLSurveyLottieUITests/Info.plist;
				LD_RUNPATH_SEARCH_PATHS = "$(inherited) @executable_path/Frameworks @loader_path/Frameworks";
				PRODUCT_BUNDLE_IDENTIFIER = com.leecj.TLSurveyLottieUITests;
				PRODUCT_NAME = "$(TARGET_NAME)";
				TARGETED_DEVICE_FAMILY = "1,2";
				TEST_TARGET_NAME = TLSurveyLottie;
			};
			name = Debug;
		};
		7E87B41C1FA2EDD0008C391C /* Release */ = {
			isa = XCBuildConfiguration;
			buildSettings = {
				CODE_SIGN_STYLE = Automatic;
				INFOPLIST_FILE = TLSurveyLottieUITests/Info.plist;
				LD_RUNPATH_SEARCH_PATHS = "$(inherited) @executable_path/Frameworks @loader_path/Frameworks";
				PRODUCT_BUNDLE_IDENTIFIER = com.leecj.TLSurveyLottieUITests;
				PRODUCT_NAME = "$(TARGET_NAME)";
				TARGETED_DEVICE_FAMILY = "1,2";
				TEST_TARGET_NAME = TLSurveyLottie;
			};
			name = Release;
		};
/* End XCBuildConfiguration section */

/* Begin XCConfigurationList section */
		7E87B3E31FA2EDCF008C391C /* Build configuration list for PBXProject "TLSurveyLottie" */ = {
			isa = XCConfigurationList;
			buildConfigurations = (
				7E87B4121FA2EDD0008C391C /* Debug */,
				7E87B4131FA2EDD0008C391C /* Release */,
			);
			defaultConfigurationIsVisible = 0;
			defaultConfigurationName = Release;
		};
		7E87B4141FA2EDD0008C391C /* Build configuration list for PBXNativeTarget "TLSurveyLottie" */ = {
			isa = XCConfigurationList;
			buildConfigurations = (
				7E87B4151FA2EDD0008C391C /* Debug */,
				7E87B4161FA2EDD0008C391C /* Release */,
			);
			defaultConfigurationIsVisible = 0;
			defaultConfigurationName = Release;
		};
		7E87B4171FA2EDD0008C391C /* Build configuration list for PBXNativeTarget "TLSurveyLottieTests" */ = {
			isa = XCConfigurationList;
			buildConfigurations = (
				7E87B4181FA2EDD0008C391C /* Debug */,
				7E87B4191FA2EDD0008C391C /* Release */,
			);
			defaultConfigurationIsVisible = 0;
			defaultConfigurationName = Release;
		};
		7E87B41A1FA2EDD0008C391C /* Build configuration list for PBXNativeTarget "TLSurveyLottieUITests" */ = {
			isa = XCConfigurationList;
			buildConfigurations = (
				7E87B41B1FA2EDD0008C391C /* Debug */,
				7E87B41C1FA2EDD0008C391C /* Release */,
			);
			defaultConfigurationIsVisible = 0;
			defaultConfigurationName = Release;
		};
/* End XCConfigurationList section */
	};
	rootObject = 7E87B3E01FA2EDCF008C391C /* Project object */;
}
